{
  "originHash" : "945b06119278ad9c4215750d0fe5abe4e3c1c1ffef700327d7a8bcaf37f6fa0b",
  "pins" : [
    {
      "identity" : "appdbsdk",
      "kind" : "remoteSourceControl",
      "location" : "https://github.com/appdb-official/AppdbSDK.git",
      "state" : {
        "revision" : "ea0db9c9b91cc605698ede361bf00aa0e127b961",
        "version" : "1.6.2"
      }
    },
    {
      "identity" : "swift-collections",
      "kind" : "remoteSourceControl",
      "location" : "https://github.com/apple/swift-collections.git",
      "state" : {
        "revision" : "a0cb0954ecb21e4e31b0070e6ed5674e8556685a",
        "version" : "1.6.0"
      }
    },
    {
      "identity" : "swiftsoup",
      "kind" : "remoteSourceControl",
      "location" : "https://github.com/scinfu/SwiftSoup.git",
      "state" : {
        "revision" : "ead56133a693d0184d8c2db1a6d6394410cacfd6",
        "version" : "2.13.6"
      }
    }
  ],
  "version" : 3
}
