{
  "pins" : [
    {
      "identity" : "appmetrica-sdk-ios",
      "kind" : "remoteSourceControl",
      "location" : "https://github.com/appmetrica/appmetrica-sdk-ios",
      "state" : {
        "revision" : "a303a87183464d0143e3cc2eaf09cf98a3b7d8e0",
        "version" : "5.7.0"
      }
    },
    {
      "identity" : "ditranquillity",
      "kind" : "remoteSourceControl",
      "location" : "https://github.com/ivlevAstef/DITranquillity.git",
      "state" : {
        "revision" : "2ea85e5c157bdda71fd71dfa295e1a33a0da9ea4",
        "version" : "4.5.2"
      }
    },
    {
      "identity" : "kscrash",
      "kind" : "remoteSourceControl",
      "location" : "https://github.com/kstenerud/KSCrash",
      "state" : {
        "revision" : "a6504bb7d9b76731accc141aa9ed1c8dd5063b1b",
        "version" : "1.17.5"
      }
    },
    {
      "identity" : "swiftlazy",
      "kind" : "remoteSourceControl",
      "location" : "https://github.com/ivlevAstef/SwiftLazy.git",
      "state" : {
        "revision" : "49a47304bb06643fa22d981b6b8301acc5bcb366",
        "version" : "1.2.0"
      }
    },
    {
      "identity" : "swiftsoup",
      "kind" : "remoteSourceControl",
      "location" : "https://github.com/scinfu/SwiftSoup.git",
      "state" : {
        "revision" : "f83c097597094a04124eb6e0d1e894d24129af87",
        "version" : "2.7.0"
      }
    }
  ],
  "version" : 2
}
