// !$*UTF8*$!
{
	archiveVersion = 1;
	classes = {
	};
	objectVersion = 60;
	objects = {

/* Begin PBXBuildFile section */
		C61057002B99271F008012E7 /* NotificationCounterWatcher.swift in Sources */ = {isa = PBXBuildFile; fileRef = C61056FF2B99271F008012E7 /* NotificationCounterWatcher.swift */; };
		C63C91862B5DAC8E00B44CC8 /* VideoPlayer.swift in Sources */ = {isa = PBXBuildFile; fileRef = C63C91852B5DAC8E00B44CC8 /* VideoPlayer.swift */; };
		C64EB0182B68587700AC7C27 /* DITranquillity in Frameworks */ = {isa = PBXBuildFile; productRef = C64EB0172B68587700AC7C27 /* DITranquillity */; };
		C64EB01A2B699C3D00AC7C27 /* DI.swift in Sources */ = {isa = PBXBuildFile; fileRef = C64EB0192B699C3D00AC7C27 /* DI.swift */; };
		C651FD092B61745700E68341 /* ScraperAPI in Frameworks */ = {isa = PBXBuildFile; productRef = C651FD082B61745700E68341 /* ScraperAPI */; };
		C65ACDE82B54466400C27FB3 /* UserManager.swift in Sources */ = {isa = PBXBuildFile; fileRef = C65ACDE72B54466300C27FB3 /* UserManager.swift */; };
		C6656A692B62E30500BF7412 /* MyListEditView.swift in Sources */ = {isa = PBXBuildFile; fileRef = C6656A682B62E30500BF7412 /* MyListEditView.swift */; };
		C6656A6C2B630C7C00BF7412 /* UserRateForm.swift in Sources */ = {isa = PBXBuildFile; fileRef = C6656A6B2B630C7C00BF7412 /* UserRateForm.swift */; };
		C6656A6E2B631EBE00BF7412 /* AnimeList.swift in Sources */ = {isa = PBXBuildFile; fileRef = C6656A6D2B631EBE00BF7412 /* AnimeList.swift */; };
		C6656A722B6325D400BF7412 /* .swiftformat in Resources */ = {isa = PBXBuildFile; fileRef = C6656A712B6325D400BF7412 /* .swiftformat */; };
		C6899EB12BA2532E00E63311 /* ContentViewWithSideBar.swift in Sources */ = {isa = PBXBuildFile; fileRef = C6899EB02BA2532E00E63311 /* ContentViewWithSideBar.swift */; };
		C6899EB32BA2535100E63311 /* NotificationCounterWatcher.swift in Sources */ = {isa = PBXBuildFile; fileRef = C61056FF2B99271F008012E7 /* NotificationCounterWatcher.swift */; };
		C6899EB52BA254C900E63311 /* OngoingsView.swift in Sources */ = {isa = PBXBuildFile; fileRef = EDE959302B4762690030B23D /* OngoingsView.swift */; };
		C6899EB62BA254D300E63311 /* ShowCard.swift in Sources */ = {isa = PBXBuildFile; fileRef = EDF7104D2B4B344F001C2008 /* ShowCard.swift */; };
		C6899EB82BA2583100E63311 /* SearchShowsView.swift in Sources */ = {isa = PBXBuildFile; fileRef = EDE9592C2B475A7B0030B23D /* SearchShowsView.swift */; };
		C6899EB92BA25DA000E63311 /* ShowView.swift in Sources */ = {isa = PBXBuildFile; fileRef = EDE9592E2B475E590030B23D /* ShowView.swift */; };
		C68C6E1E2B4AFDD5008D796D /* .gitignore in Resources */ = {isa = PBXBuildFile; fileRef = C68C6E1D2B4AFDD5008D796D /* .gitignore */; };
		C6B8331D2B66951700D4A1AC /* WatchCard.swift in Sources */ = {isa = PBXBuildFile; fileRef = C6B8331C2B66951700D4A1AC /* WatchCard.swift */; };
		C6B833202B669E2F00D4A1AC /* WatchCardModel.swift in Sources */ = {isa = PBXBuildFile; fileRef = C6B8331F2B669E2F00D4A1AC /* WatchCardModel.swift */; };
		C6D0DA642B9FBDF00000255C /* OnboardingView.swift in Sources */ = {isa = PBXBuildFile; fileRef = ED1919762B5F00AD008C6C99 /* OnboardingView.swift */; };
		C6D0DA652B9FBE010000255C /* AuthenticationView.swift in Sources */ = {isa = PBXBuildFile; fileRef = ED269F612B6034810083A62F /* AuthenticationView.swift */; };
		C6D0DA672B9FBE4C0000255C /* Anime365ApiClient in Frameworks */ = {isa = PBXBuildFile; productRef = C6D0DA662B9FBE4C0000255C /* Anime365ApiClient */; };
		C6D0DA692B9FBE4C0000255C /* ScraperAPI in Frameworks */ = {isa = PBXBuildFile; productRef = C6D0DA682B9FBE4C0000255C /* ScraperAPI */; };
		C6D0DA6B2B9FBE4C0000255C /* CachedAsyncImage in Frameworks */ = {isa = PBXBuildFile; productRef = C6D0DA6A2B9FBE4C0000255C /* CachedAsyncImage */; };
		C6D0DA6D2B9FBE4C0000255C /* DITranquillity in Frameworks */ = {isa = PBXBuildFile; productRef = C6D0DA6C2B9FBE4C0000255C /* DITranquillity */; };
		C6D0DA6E2B9FBE9A0000255C /* ServiceLocator.swift in Sources */ = {isa = PBXBuildFile; fileRef = EDD353B32B5E82AF00313489 /* ServiceLocator.swift */; };
		C6D0DA6F2B9FBE9E0000255C /* DI.swift in Sources */ = {isa = PBXBuildFile; fileRef = C64EB0192B699C3D00AC7C27 /* DI.swift */; };
		C6D0DA702B9FBEA80000255C /* UserManager.swift in Sources */ = {isa = PBXBuildFile; fileRef = C65ACDE72B54466300C27FB3 /* UserManager.swift */; };
		C6D0DA712B9FBEB40000255C /* Anime365Client.swift in Sources */ = {isa = PBXBuildFile; fileRef = EDFF2D292B4476D300F27E61 /* Anime365Client.swift */; };
		C6D0DA722B9FBEC20000255C /* ShowModel.swift in Sources */ = {isa = PBXBuildFile; fileRef = ED3A674A2B56FBBA00FB3975 /* ShowModel.swift */; };
		C6D0DA732B9FBFB50000255C /* TranslationModel.swift in Sources */ = {isa = PBXBuildFile; fileRef = ED89978E2B55A53800D7689B /* TranslationModel.swift */; };
		C6D0DA742B9FBFBA0000255C /* EpisodeModel.swift in Sources */ = {isa = PBXBuildFile; fileRef = ED36C6292B53FB81000D0A80 /* EpisodeModel.swift */; };
		C6D0DA752B9FBFBE0000255C /* EpisodePreviewModel.swift in Sources */ = {isa = PBXBuildFile; fileRef = ED36C6272B530535000D0A80 /* EpisodePreviewModel.swift */; };
		C6D0DA762B9FBFC20000255C /* EpisodeStreamingInfo.swift in Sources */ = {isa = PBXBuildFile; fileRef = ED3D83F82B5BFA890025BB5D /* EpisodeStreamingInfo.swift */; };
		C6D0DA772B9FBFD80000255C /* BaseUrlPreference.swift in Sources */ = {isa = PBXBuildFile; fileRef = ED0D29942B66C84600C5AC9E /* BaseUrlPreference.swift */; };
		C6D413FF2B9FB2BB006735D9 /* Localizable.xcstrings in Resources */ = {isa = PBXBuildFile; fileRef = C6D413FE2B9FB2BB006735D9 /* Localizable.xcstrings */; };
		C6D414072B9FBAAC006735D9 /* IchimeMacApp.swift in Sources */ = {isa = PBXBuildFile; fileRef = C6D414062B9FBAAC006735D9 /* IchimeMacApp.swift */; };
		C6D414092B9FBAAC006735D9 /* ContentView.swift in Sources */ = {isa = PBXBuildFile; fileRef = C6D414082B9FBAAC006735D9 /* ContentView.swift */; };
		C6D4140B2B9FBAAE006735D9 /* Assets.xcassets in Resources */ = {isa = PBXBuildFile; fileRef = C6D4140A2B9FBAAE006735D9 /* Assets.xcassets */; };
		C6D4140E2B9FBAAE006735D9 /* Preview Assets.xcassets in Resources */ = {isa = PBXBuildFile; fileRef = C6D4140D2B9FBAAE006735D9 /* Preview Assets.xcassets */; };
		ED0D29952B66C84600C5AC9E /* BaseUrlPreference.swift in Sources */ = {isa = PBXBuildFile; fileRef = ED0D29942B66C84600C5AC9E /* BaseUrlPreference.swift */; };
		ED1919772B5F00AD008C6C99 /* OnboardingView.swift in Sources */ = {isa = PBXBuildFile; fileRef = ED1919762B5F00AD008C6C99 /* OnboardingView.swift */; };
		ED269F622B6034810083A62F /* AuthenticationView.swift in Sources */ = {isa = PBXBuildFile; fileRef = ED269F612B6034810083A62F /* AuthenticationView.swift */; };
		ED2D3E732B68342800F1EC40 /* ProfileView.swift in Sources */ = {isa = PBXBuildFile; fileRef = ED2D3E722B68342800F1EC40 /* ProfileView.swift */; };
		ED36C6202B52D2AA000D0A80 /* EpisodeTranslationsView.swift in Sources */ = {isa = PBXBuildFile; fileRef = ED36C61F2B52D2AA000D0A80 /* EpisodeTranslationsView.swift */; };
		ED36C6222B52E945000D0A80 /* EpisodeListView.swift in Sources */ = {isa = PBXBuildFile; fileRef = ED36C6212B52E945000D0A80 /* EpisodeListView.swift */; };
		ED36C6252B52ECFB000D0A80 /* EpisodePreviewRow.swift in Sources */ = {isa = PBXBuildFile; fileRef = ED36C6242B52ECFB000D0A80 /* EpisodePreviewRow.swift */; };
		ED36C6282B530535000D0A80 /* EpisodePreviewModel.swift in Sources */ = {isa = PBXBuildFile; fileRef = ED36C6272B530535000D0A80 /* EpisodePreviewModel.swift */; };
		ED36C62A2B53FB81000D0A80 /* EpisodeModel.swift in Sources */ = {isa = PBXBuildFile; fileRef = ED36C6292B53FB81000D0A80 /* EpisodeModel.swift */; };
		ED3A674B2B56FBBA00FB3975 /* ShowModel.swift in Sources */ = {isa = PBXBuildFile; fileRef = ED3A674A2B56FBBA00FB3975 /* ShowModel.swift */; };
		ED3A674D2B5739B600FB3975 /* EpisodeTranslationQualitySelectorView.swift in Sources */ = {isa = PBXBuildFile; fileRef = ED3A674C2B5739B600FB3975 /* EpisodeTranslationQualitySelectorView.swift */; };
		ED3D83F92B5BFA890025BB5D /* EpisodeStreamingInfo.swift in Sources */ = {isa = PBXBuildFile; fileRef = ED3D83F82B5BFA890025BB5D /* EpisodeStreamingInfo.swift */; };
		ED3D83FD2B5C3E710025BB5D /* MyListsView.swift in Sources */ = {isa = PBXBuildFile; fileRef = ED3D83FC2B5C3E710025BB5D /* MyListsView.swift */; };
		ED3D84012B5C406F0025BB5D /* CurrentlyWatchingView.swift in Sources */ = {isa = PBXBuildFile; fileRef = ED3D84002B5C406F0025BB5D /* CurrentlyWatchingView.swift */; };
		ED3D84052B5C427E0025BB5D /* NotificationCenterView.swift in Sources */ = {isa = PBXBuildFile; fileRef = ED3D84042B5C427E0025BB5D /* NotificationCenterView.swift */; };
		ED49A9B02B5ED48C0016920B /* Anime365ApiClient in Frameworks */ = {isa = PBXBuildFile; productRef = ED49A9AF2B5ED48C0016920B /* Anime365ApiClient */; };
		ED89978F2B55A53800D7689B /* TranslationModel.swift in Sources */ = {isa = PBXBuildFile; fileRef = ED89978E2B55A53800D7689B /* TranslationModel.swift */; };
		ED8A40812B4C57410055DAB6 /* CachedAsyncImage in Frameworks */ = {isa = PBXBuildFile; productRef = ED8A40802B4C57410055DAB6 /* CachedAsyncImage */; };
		EDD353B42B5E82AF00313489 /* ServiceLocator.swift in Sources */ = {isa = PBXBuildFile; fileRef = EDD353B32B5E82AF00313489 /* ServiceLocator.swift */; };
		EDE9592D2B475A7B0030B23D /* SearchShowsView.swift in Sources */ = {isa = PBXBuildFile; fileRef = EDE9592C2B475A7B0030B23D /* SearchShowsView.swift */; };
		EDE9592F2B475E590030B23D /* ShowView.swift in Sources */ = {isa = PBXBuildFile; fileRef = EDE9592E2B475E590030B23D /* ShowView.swift */; };
		EDE959312B4762690030B23D /* OngoingsView.swift in Sources */ = {isa = PBXBuildFile; fileRef = EDE959302B4762690030B23D /* OngoingsView.swift */; };
		EDE959332B484C8A0030B23D /* ContentView.swift in Sources */ = {isa = PBXBuildFile; fileRef = EDE959322B484C8A0030B23D /* ContentView.swift */; };
		EDF7104E2B4B344F001C2008 /* ShowCard.swift in Sources */ = {isa = PBXBuildFile; fileRef = EDF7104D2B4B344F001C2008 /* ShowCard.swift */; };
		EDFF2D112B43471300F27E61 /* IchimeApp.swift in Sources */ = {isa = PBXBuildFile; fileRef = EDFF2D102B43471300F27E61 /* IchimeApp.swift */; };
		EDFF2D152B43471500F27E61 /* Assets.xcassets in Resources */ = {isa = PBXBuildFile; fileRef = EDFF2D142B43471500F27E61 /* Assets.xcassets */; };
		EDFF2D192B43471500F27E61 /* Preview Assets.xcassets in Resources */ = {isa = PBXBuildFile; fileRef = EDFF2D182B43471500F27E61 /* Preview Assets.xcassets */; };
		EDFF2D2A2B4476D300F27E61 /* Anime365Client.swift in Sources */ = {isa = PBXBuildFile; fileRef = EDFF2D292B4476D300F27E61 /* Anime365Client.swift */; };
/* End PBXBuildFile section */

/* Begin PBXCopyFilesBuildPhase section */
		EDA629182B4576BE0093F8E5 /* Embed Frameworks */ = {
			isa = PBXCopyFilesBuildPhase;
			buildActionMask = 2147483647;
			dstPath = "";
			dstSubfolderSpec = 10;
			files = (
			);
			name = "Embed Frameworks";
			runOnlyForDeploymentPostprocessing = 0;
		};
/* End PBXCopyFilesBuildPhase section */

/* Begin PBXFileReference section */
		C61056FF2B99271F008012E7 /* NotificationCounterWatcher.swift */ = {isa = PBXFileReference; lastKnownFileType = sourcecode.swift; path = NotificationCounterWatcher.swift; sourceTree = "<group>"; };
		C63C91852B5DAC8E00B44CC8 /* VideoPlayer.swift */ = {isa = PBXFileReference; lastKnownFileType = sourcecode.swift; path = VideoPlayer.swift; sourceTree = "<group>"; };
		C64EB0192B699C3D00AC7C27 /* DI.swift */ = {isa = PBXFileReference; lastKnownFileType = sourcecode.swift; path = DI.swift; sourceTree = "<group>"; };
		C651FD072B608A7600E68341 /* ScraperAPI */ = {isa = PBXFileReference; lastKnownFileType = wrapper; path = ScraperAPI; sourceTree = "<group>"; };
		C65ACDE72B54466300C27FB3 /* UserManager.swift */ = {isa = PBXFileReference; lastKnownFileType = sourcecode.swift; path = UserManager.swift; sourceTree = "<group>"; };
		C6656A682B62E30500BF7412 /* MyListEditView.swift */ = {isa = PBXFileReference; lastKnownFileType = sourcecode.swift; path = MyListEditView.swift; sourceTree = "<group>"; };
		C6656A6B2B630C7C00BF7412 /* UserRateForm.swift */ = {isa = PBXFileReference; lastKnownFileType = sourcecode.swift; path = UserRateForm.swift; sourceTree = "<group>"; };
		C6656A6D2B631EBE00BF7412 /* AnimeList.swift */ = {isa = PBXFileReference; lastKnownFileType = sourcecode.swift; path = AnimeList.swift; sourceTree = "<group>"; };
		C6656A712B6325D400BF7412 /* .swiftformat */ = {isa = PBXFileReference; lastKnownFileType = text; path = .swiftformat; sourceTree = "<group>"; };
		C6899EB02BA2532E00E63311 /* ContentViewWithSideBar.swift */ = {isa = PBXFileReference; lastKnownFileType = sourcecode.swift; path = ContentViewWithSideBar.swift; sourceTree = "<group>"; };
		C68C6E1D2B4AFDD5008D796D /* .gitignore */ = {isa = PBXFileReference; fileEncoding = 4; lastKnownFileType = text; path = .gitignore; sourceTree = "<group>"; };
		C6B8331C2B66951700D4A1AC /* WatchCard.swift */ = {isa = PBXFileReference; lastKnownFileType = sourcecode.swift; path = WatchCard.swift; sourceTree = "<group>"; };
		C6B8331F2B669E2F00D4A1AC /* WatchCardModel.swift */ = {isa = PBXFileReference; lastKnownFileType = sourcecode.swift; path = WatchCardModel.swift; sourceTree = "<group>"; };
		C6D413FE2B9FB2BB006735D9 /* Localizable.xcstrings */ = {isa = PBXFileReference; lastKnownFileType = text.json.xcstrings; name = Localizable.xcstrings; path = ichime/Localizable.xcstrings; sourceTree = "<group>"; };
		C6D414042B9FBAAC006735D9 /* IchimeMac.app */ = {isa = PBXFileReference; explicitFileType = wrapper.application; includeInIndex = 0; path = IchimeMac.app; sourceTree = BUILT_PRODUCTS_DIR; };
		C6D414062B9FBAAC006735D9 /* IchimeMacApp.swift */ = {isa = PBXFileReference; lastKnownFileType = sourcecode.swift; path = IchimeMacApp.swift; sourceTree = "<group>"; };
		C6D414082B9FBAAC006735D9 /* ContentView.swift */ = {isa = PBXFileReference; lastKnownFileType = sourcecode.swift; path = ContentView.swift; sourceTree = "<group>"; };
		C6D4140A2B9FBAAE006735D9 /* Assets.xcassets */ = {isa = PBXFileReference; lastKnownFileType = folder.assetcatalog; path = Assets.xcassets; sourceTree = "<group>"; };
		C6D4140D2B9FBAAE006735D9 /* Preview Assets.xcassets */ = {isa = PBXFileReference; lastKnownFileType = folder.assetcatalog; path = "Preview Assets.xcassets"; sourceTree = "<group>"; };
		C6D4140F2B9FBAAE006735D9 /* IchimeMac.entitlements */ = {isa = PBXFileReference; lastKnownFileType = text.plist.entitlements; path = IchimeMac.entitlements; sourceTree = "<group>"; };
		ED0D29942B66C84600C5AC9E /* BaseUrlPreference.swift */ = {isa = PBXFileReference; lastKnownFileType = sourcecode.swift; path = BaseUrlPreference.swift; sourceTree = "<group>"; };
		ED1919762B5F00AD008C6C99 /* OnboardingView.swift */ = {isa = PBXFileReference; lastKnownFileType = sourcecode.swift; path = OnboardingView.swift; sourceTree = "<group>"; };
		ED269F612B6034810083A62F /* AuthenticationView.swift */ = {isa = PBXFileReference; lastKnownFileType = sourcecode.swift; path = AuthenticationView.swift; sourceTree = "<group>"; };
		ED2D3E722B68342800F1EC40 /* ProfileView.swift */ = {isa = PBXFileReference; lastKnownFileType = sourcecode.swift; path = ProfileView.swift; sourceTree = "<group>"; };
		ED36C61F2B52D2AA000D0A80 /* EpisodeTranslationsView.swift */ = {isa = PBXFileReference; lastKnownFileType = sourcecode.swift; path = EpisodeTranslationsView.swift; sourceTree = "<group>"; };
		ED36C6212B52E945000D0A80 /* EpisodeListView.swift */ = {isa = PBXFileReference; lastKnownFileType = sourcecode.swift; path = EpisodeListView.swift; sourceTree = "<group>"; };
		ED36C6242B52ECFB000D0A80 /* EpisodePreviewRow.swift */ = {isa = PBXFileReference; lastKnownFileType = sourcecode.swift; path = EpisodePreviewRow.swift; sourceTree = "<group>"; };
		ED36C6272B530535000D0A80 /* EpisodePreviewModel.swift */ = {isa = PBXFileReference; lastKnownFileType = sourcecode.swift; path = EpisodePreviewModel.swift; sourceTree = "<group>"; };
		ED36C6292B53FB81000D0A80 /* EpisodeModel.swift */ = {isa = PBXFileReference; lastKnownFileType = sourcecode.swift; path = EpisodeModel.swift; sourceTree = "<group>"; };
		ED3A674A2B56FBBA00FB3975 /* ShowModel.swift */ = {isa = PBXFileReference; lastKnownFileType = sourcecode.swift; path = ShowModel.swift; sourceTree = "<group>"; };
		ED3A674C2B5739B600FB3975 /* EpisodeTranslationQualitySelectorView.swift */ = {isa = PBXFileReference; lastKnownFileType = sourcecode.swift; path = EpisodeTranslationQualitySelectorView.swift; sourceTree = "<group>"; };
		ED3D83F82B5BFA890025BB5D /* EpisodeStreamingInfo.swift */ = {isa = PBXFileReference; lastKnownFileType = sourcecode.swift; path = EpisodeStreamingInfo.swift; sourceTree = "<group>"; };
		ED3D83FC2B5C3E710025BB5D /* MyListsView.swift */ = {isa = PBXFileReference; lastKnownFileType = sourcecode.swift; path = MyListsView.swift; sourceTree = "<group>"; };
		ED3D84002B5C406F0025BB5D /* CurrentlyWatchingView.swift */ = {isa = PBXFileReference; lastKnownFileType = sourcecode.swift; path = CurrentlyWatchingView.swift; sourceTree = "<group>"; };
		ED3D84042B5C427E0025BB5D /* NotificationCenterView.swift */ = {isa = PBXFileReference; lastKnownFileType = sourcecode.swift; path = NotificationCenterView.swift; sourceTree = "<group>"; };
		ED49A9AD2B5ED3E70016920B /* Anime365ApiClient */ = {isa = PBXFileReference; lastKnownFileType = wrapper; path = Anime365ApiClient; sourceTree = "<group>"; };
		ED89978E2B55A53800D7689B /* TranslationModel.swift */ = {isa = PBXFileReference; lastKnownFileType = sourcecode.swift; path = TranslationModel.swift; sourceTree = "<group>"; };
		EDA277052B457B2E003A97F0 /* README.md */ = {isa = PBXFileReference; lastKnownFileType = net.daringfireball.markdown; path = README.md; sourceTree = "<group>"; };
		EDB21EA02B4AD268001282FE /* .swiftlint.yml */ = {isa = PBXFileReference; lastKnownFileType = text.yaml; path = .swiftlint.yml; sourceTree = "<group>"; };
		EDD353B32B5E82AF00313489 /* ServiceLocator.swift */ = {isa = PBXFileReference; lastKnownFileType = sourcecode.swift; path = ServiceLocator.swift; sourceTree = "<group>"; };
		EDE9592B2B47167B0030B23D /* Info.plist */ = {isa = PBXFileReference; lastKnownFileType = text.plist.xml; path = Info.plist; sourceTree = "<group>"; };
		EDE9592C2B475A7B0030B23D /* SearchShowsView.swift */ = {isa = PBXFileReference; lastKnownFileType = sourcecode.swift; path = SearchShowsView.swift; sourceTree = "<group>"; };
		EDE9592E2B475E590030B23D /* ShowView.swift */ = {isa = PBXFileReference; lastKnownFileType = sourcecode.swift; path = ShowView.swift; sourceTree = "<group>"; };
		EDE959302B4762690030B23D /* OngoingsView.swift */ = {isa = PBXFileReference; lastKnownFileType = sourcecode.swift; path = OngoingsView.swift; sourceTree = "<group>"; };
		EDE959322B484C8A0030B23D /* ContentView.swift */ = {isa = PBXFileReference; lastKnownFileType = sourcecode.swift; path = ContentView.swift; sourceTree = "<group>"; };
		EDF7104D2B4B344F001C2008 /* ShowCard.swift */ = {isa = PBXFileReference; lastKnownFileType = sourcecode.swift; path = ShowCard.swift; sourceTree = "<group>"; };
		EDFF2D0D2B43471300F27E61 /* Ichime.app */ = {isa = PBXFileReference; explicitFileType = wrapper.application; includeInIndex = 0; path = Ichime.app; sourceTree = BUILT_PRODUCTS_DIR; };
		EDFF2D102B43471300F27E61 /* IchimeApp.swift */ = {isa = PBXFileReference; lastKnownFileType = sourcecode.swift; path = IchimeApp.swift; sourceTree = "<group>"; };
		EDFF2D142B43471500F27E61 /* Assets.xcassets */ = {isa = PBXFileReference; lastKnownFileType = folder.assetcatalog; path = Assets.xcassets; sourceTree = "<group>"; };
		EDFF2D162B43471500F27E61 /* ichime.entitlements */ = {isa = PBXFileReference; lastKnownFileType = text.plist.entitlements; path = ichime.entitlements; sourceTree = "<group>"; };
		EDFF2D182B43471500F27E61 /* Preview Assets.xcassets */ = {isa = PBXFileReference; lastKnownFileType = folder.assetcatalog; path = "Preview Assets.xcassets"; sourceTree = "<group>"; };
		EDFF2D292B4476D300F27E61 /* Anime365Client.swift */ = {isa = PBXFileReference; lastKnownFileType = sourcecode.swift; path = Anime365Client.swift; sourceTree = "<group>"; };
/* End PBXFileReference section */

/* Begin PBXFrameworksBuildPhase section */
		C6D414012B9FBAAC006735D9 /* Frameworks */ = {
			isa = PBXFrameworksBuildPhase;
			buildActionMask = 2147483647;
			files = (
				C6D0DA6B2B9FBE4C0000255C /* CachedAsyncImage in Frameworks */,
				C6D0DA6D2B9FBE4C0000255C /* DITranquillity in Frameworks */,
				C6D0DA692B9FBE4C0000255C /* ScraperAPI in Frameworks */,
				C6D0DA672B9FBE4C0000255C /* Anime365ApiClient in Frameworks */,
			);
			runOnlyForDeploymentPostprocessing = 0;
		};
		EDFF2D0A2B43471300F27E61 /* Frameworks */ = {
			isa = PBXFrameworksBuildPhase;
			buildActionMask = 2147483647;
			files = (
				C651FD092B61745700E68341 /* ScraperAPI in Frameworks */,
				C64EB0182B68587700AC7C27 /* DITranquillity in Frameworks */,
				ED49A9B02B5ED48C0016920B /* Anime365ApiClient in Frameworks */,
				ED8A40812B4C57410055DAB6 /* CachedAsyncImage in Frameworks */,
			);
			runOnlyForDeploymentPostprocessing = 0;
		};
/* End PBXFrameworksBuildPhase section */

/* Begin PBXGroup section */
		C6656A6A2B630C6B00BF7412 /* Component */ = {
			isa = PBXGroup;
			children = (
				C6656A6B2B630C7C00BF7412 /* UserRateForm.swift */,
				C6656A6D2B631EBE00BF7412 /* AnimeList.swift */,
			);
			path = Component;
			sourceTree = "<group>";
		};
		C6899EAF2BA2530D00E63311 /* ContentView */ = {
			isa = PBXGroup;
			children = (
				EDE959322B484C8A0030B23D /* ContentView.swift */,
				C6899EB02BA2532E00E63311 /* ContentViewWithSideBar.swift */,
			);
			path = ContentView;
			sourceTree = "<group>";
		};
		C6B8331B2B6694EC00D4A1AC /* Component */ = {
			isa = PBXGroup;
			children = (
				C6B8331C2B66951700D4A1AC /* WatchCard.swift */,
			);
			path = Component;
			sourceTree = "<group>";
		};
		C6B8331E2B669E1F00D4A1AC /* Model */ = {
			isa = PBXGroup;
			children = (
				C6B8331F2B669E2F00D4A1AC /* WatchCardModel.swift */,
			);
			path = Model;
			sourceTree = "<group>";
		};
		C6D414052B9FBAAC006735D9 /* IchimeMac */ = {
			isa = PBXGroup;
			children = (
				C6D414062B9FBAAC006735D9 /* IchimeMacApp.swift */,
				C6D414082B9FBAAC006735D9 /* ContentView.swift */,
				C6D4140A2B9FBAAE006735D9 /* Assets.xcassets */,
				C6D4140F2B9FBAAE006735D9 /* IchimeMac.entitlements */,
				C6D4140C2B9FBAAE006735D9 /* Preview Content */,
			);
			path = IchimeMac;
			sourceTree = "<group>";
		};
		C6D4140C2B9FBAAE006735D9 /* Preview Content */ = {
			isa = PBXGroup;
			children = (
				C6D4140D2B9FBAAE006735D9 /* Preview Assets.xcassets */,
			);
			path = "Preview Content";
			sourceTree = "<group>";
		};
		ED0D29932B66C82D00C5AC9E /* AppPreferences */ = {
			isa = PBXGroup;
			children = (
				ED0D29942B66C84600C5AC9E /* BaseUrlPreference.swift */,
			);
			path = AppPreferences;
			sourceTree = "<group>";
		};
		ED1919742B5F0089008C6C99 /* Profile */ = {
			isa = PBXGroup;
			children = (
				ED1919752B5F0099008C6C99 /* View */,
			);
			path = Profile;
			sourceTree = "<group>";
		};
		ED1919752B5F0099008C6C99 /* View */ = {
			isa = PBXGroup;
			children = (
				ED269F612B6034810083A62F /* AuthenticationView.swift */,
				ED1919762B5F00AD008C6C99 /* OnboardingView.swift */,
				ED2D3E722B68342800F1EC40 /* ProfileView.swift */,
			);
			path = View;
			sourceTree = "<group>";
		};
		ED36C61D2B52D280000D0A80 /* Episode */ = {
			isa = PBXGroup;
			children = (
				ED36C6232B52ECED000D0A80 /* Component */,
				ED36C6262B530524000D0A80 /* Domain */,
				ED36C61E2B52D294000D0A80 /* View */,
			);
			path = Episode;
			sourceTree = "<group>";
		};
		ED36C61E2B52D294000D0A80 /* View */ = {
			isa = PBXGroup;
			children = (
				ED36C6212B52E945000D0A80 /* EpisodeListView.swift */,
				ED36C61F2B52D2AA000D0A80 /* EpisodeTranslationsView.swift */,
				ED3A674C2B5739B600FB3975 /* EpisodeTranslationQualitySelectorView.swift */,
			);
			path = View;
			sourceTree = "<group>";
		};
		ED36C6232B52ECED000D0A80 /* Component */ = {
			isa = PBXGroup;
			children = (
				C63C91852B5DAC8E00B44CC8 /* VideoPlayer.swift */,
				ED36C6242B52ECFB000D0A80 /* EpisodePreviewRow.swift */,
			);
			path = Component;
			sourceTree = "<group>";
		};
		ED36C6262B530524000D0A80 /* Domain */ = {
			isa = PBXGroup;
			children = (
				ED36C6292B53FB81000D0A80 /* EpisodeModel.swift */,
				ED36C6272B530535000D0A80 /* EpisodePreviewModel.swift */,
				ED89978E2B55A53800D7689B /* TranslationModel.swift */,
				ED3D83F82B5BFA890025BB5D /* EpisodeStreamingInfo.swift */,
			);
			path = Domain;
			sourceTree = "<group>";
		};
		ED3D83FA2B5C3E540025BB5D /* MyLists */ = {
			isa = PBXGroup;
			children = (
				C6656A6A2B630C6B00BF7412 /* Component */,
				ED3D83FB2B5C3E610025BB5D /* View */,
			);
			path = MyLists;
			sourceTree = "<group>";
		};
		ED3D83FB2B5C3E610025BB5D /* View */ = {
			isa = PBXGroup;
			children = (
				ED3D83FC2B5C3E710025BB5D /* MyListsView.swift */,
				C6656A682B62E30500BF7412 /* MyListEditView.swift */,
			);
			path = View;
			sourceTree = "<group>";
		};
		ED3D83FE2B5C404A0025BB5D /* CurrentlyWatching */ = {
			isa = PBXGroup;
			children = (
				C6B8331E2B669E1F00D4A1AC /* Model */,
				C6B8331B2B6694EC00D4A1AC /* Component */,
				ED3D83FF2B5C405C0025BB5D /* View */,
			);
			path = CurrentlyWatching;
			sourceTree = "<group>";
		};
		ED3D83FF2B5C405C0025BB5D /* View */ = {
			isa = PBXGroup;
			children = (
				ED3D84002B5C406F0025BB5D /* CurrentlyWatchingView.swift */,
			);
			path = View;
			sourceTree = "<group>";
		};
		ED3D84022B5C42670025BB5D /* NotificationCenter */ = {
			isa = PBXGroup;
			children = (
				ED3D84032B5C42730025BB5D /* View */,
			);
			path = NotificationCenter;
			sourceTree = "<group>";
		};
		ED3D84032B5C42730025BB5D /* View */ = {
			isa = PBXGroup;
			children = (
				ED3D84042B5C427E0025BB5D /* NotificationCenterView.swift */,
			);
			path = View;
			sourceTree = "<group>";
		};
		ED74304C2B4B07EB009BCE3A /* Show */ = {
			isa = PBXGroup;
			children = (
				EDF7104C2B4B3438001C2008 /* Component */,
				ED8815E32B51DAA100EDBA9C /* Model */,
				ED8A40822B4C5D150055DAB6 /* View */,
			);
			path = Show;
			sourceTree = "<group>";
		};
		ED8815E32B51DAA100EDBA9C /* Model */ = {
			isa = PBXGroup;
			children = (
				ED3A674A2B56FBBA00FB3975 /* ShowModel.swift */,
			);
			path = Model;
			sourceTree = "<group>";
		};
		ED8A40822B4C5D150055DAB6 /* View */ = {
			isa = PBXGroup;
			children = (
				EDE959302B4762690030B23D /* OngoingsView.swift */,
				EDE9592C2B475A7B0030B23D /* SearchShowsView.swift */,
				EDE9592E2B475E590030B23D /* ShowView.swift */,
			);
			path = View;
			sourceTree = "<group>";
		};
		EDA628FF2B4576BE0093F8E5 /* Frameworks */ = {
			isa = PBXGroup;
			children = (
				C651FD072B608A7600E68341 /* ScraperAPI */,
				ED49A9AD2B5ED3E70016920B /* Anime365ApiClient */,
			);
			name = Frameworks;
			sourceTree = "<group>";
		};
		EDD353B22B5E829B00313489 /* DependencyInjection */ = {
			isa = PBXGroup;
			children = (
				EDD353B32B5E82AF00313489 /* ServiceLocator.swift */,
				C64EB0192B699C3D00AC7C27 /* DI.swift */,
			);
			path = DependencyInjection;
			sourceTree = "<group>";
		};
		EDF7104C2B4B3438001C2008 /* Component */ = {
			isa = PBXGroup;
			children = (
				EDF7104D2B4B344F001C2008 /* ShowCard.swift */,
			);
			path = Component;
			sourceTree = "<group>";
		};
		EDFF2D042B43471300F27E61 = {
			isa = PBXGroup;
			children = (
				C6656A712B6325D400BF7412 /* .swiftformat */,
				EDA277052B457B2E003A97F0 /* README.md */,
				C68C6E1D2B4AFDD5008D796D /* .gitignore */,
				EDB21EA02B4AD268001282FE /* .swiftlint.yml */,
				C6D413FE2B9FB2BB006735D9 /* Localizable.xcstrings */,
				EDFF2D0F2B43471300F27E61 /* ichime */,
				C6D414052B9FBAAC006735D9 /* IchimeMac */,
				EDA628FF2B4576BE0093F8E5 /* Frameworks */,
				EDFF2D0E2B43471300F27E61 /* Products */,
			);
			sourceTree = "<group>";
		};
		EDFF2D0E2B43471300F27E61 /* Products */ = {
			isa = PBXGroup;
			children = (
				EDFF2D0D2B43471300F27E61 /* Ichime.app */,
				C6D414042B9FBAAC006735D9 /* IchimeMac.app */,
			);
			name = Products;
			sourceTree = "<group>";
		};
		EDFF2D0F2B43471300F27E61 /* ichime */ = {
			isa = PBXGroup;
			children = (
				C6899EAF2BA2530D00E63311 /* ContentView */,
				ED0D29932B66C82D00C5AC9E /* AppPreferences */,
				EDFF2D162B43471500F27E61 /* ichime.entitlements */,
				EDFF2D252B443D8100F27E61 /* Anime365 */,
				EDFF2D102B43471300F27E61 /* IchimeApp.swift */,
				C65ACDE72B54466300C27FB3 /* UserManager.swift */,
				EDFF2D142B43471500F27E61 /* Assets.xcassets */,
				ED3D83FE2B5C404A0025BB5D /* CurrentlyWatching */,
				EDD353B22B5E829B00313489 /* DependencyInjection */,
				ED36C61D2B52D280000D0A80 /* Episode */,
				EDE9592B2B47167B0030B23D /* Info.plist */,
				ED3D83FA2B5C3E540025BB5D /* MyLists */,
				ED3D84022B5C42670025BB5D /* NotificationCenter */,
				EDFF2D172B43471500F27E61 /* Preview Content */,
				ED1919742B5F0089008C6C99 /* Profile */,
				ED74304C2B4B07EB009BCE3A /* Show */,
				C61056FF2B99271F008012E7 /* NotificationCounterWatcher.swift */,
			);
			path = ichime;
			sourceTree = "<group>";
		};
		EDFF2D172B43471500F27E61 /* Preview Content */ = {
			isa = PBXGroup;
			children = (
				EDFF2D182B43471500F27E61 /* Preview Assets.xcassets */,
			);
			path = "Preview Content";
			sourceTree = "<group>";
		};
		EDFF2D252B443D8100F27E61 /* Anime365 */ = {
			isa = PBXGroup;
			children = (
				EDFF2D292B4476D300F27E61 /* Anime365Client.swift */,
			);
			path = Anime365;
			sourceTree = "<group>";
		};
/* End PBXGroup section */

/* Begin PBXNativeTarget section */
		C6D414032B9FBAAC006735D9 /* IchimeMac */ = {
			isa = PBXNativeTarget;
			buildConfigurationList = C6D414102B9FBAAE006735D9 /* Build configuration list for PBXNativeTarget "IchimeMac" */;
			buildPhases = (
				C6D414002B9FBAAC006735D9 /* Sources */,
				C6D414012B9FBAAC006735D9 /* Frameworks */,
				C6D414022B9FBAAC006735D9 /* Resources */,
			);
			buildRules = (
			);
			dependencies = (
			);
			name = IchimeMac;
			packageProductDependencies = (
				C6D0DA662B9FBE4C0000255C /* Anime365ApiClient */,
				C6D0DA682B9FBE4C0000255C /* ScraperAPI */,
				C6D0DA6A2B9FBE4C0000255C /* CachedAsyncImage */,
				C6D0DA6C2B9FBE4C0000255C /* DITranquillity */,
			);
			productName = IchimeMac;
			productReference = C6D414042B9FBAAC006735D9 /* IchimeMac.app */;
			productType = "com.apple.product-type.application";
		};
		EDFF2D0C2B43471300F27E61 /* Ichime */ = {
			isa = PBXNativeTarget;
			buildConfigurationList = EDFF2D1C2B43471500F27E61 /* Build configuration list for PBXNativeTarget "Ichime" */;
			buildPhases = (
				EDFF2D092B43471300F27E61 /* Sources */,
				EDFF2D0A2B43471300F27E61 /* Frameworks */,
				EDFF2D0B2B43471300F27E61 /* Resources */,
				EDA629182B4576BE0093F8E5 /* Embed Frameworks */,
			);
			buildRules = (
			);
			dependencies = (
			);
			name = Ichime;
			packageProductDependencies = (
				ED8A40802B4C57410055DAB6 /* CachedAsyncImage */,
				ED49A9AF2B5ED48C0016920B /* Anime365ApiClient */,
				C651FD082B61745700E68341 /* ScraperAPI */,
				C64EB0172B68587700AC7C27 /* DITranquillity */,
			);
			productName = ichime;
			productReference = EDFF2D0D2B43471300F27E61 /* Ichime.app */;
			productType = "com.apple.product-type.application";
		};
/* End PBXNativeTarget section */

/* Begin PBXProject section */
		EDFF2D052B43471300F27E61 /* Project object */ = {
			isa = PBXProject;
			attributes = {
				BuildIndependentTargetsInParallel = 1;
				LastSwiftUpdateCheck = 1520;
				LastUpgradeCheck = 1520;
				TargetAttributes = {
					C6D414032B9FBAAC006735D9 = {
						CreatedOnToolsVersion = 15.2;
					};
					EDFF2D0C2B43471300F27E61 = {
						CreatedOnToolsVersion = 15.1;
						LastSwiftMigration = 1510;
					};
				};
			};
			buildConfigurationList = EDFF2D082B43471300F27E61 /* Build configuration list for PBXProject "ichime" */;
			compatibilityVersion = "Xcode 14.0";
			developmentRegion = ru;
			hasScannedForEncodings = 0;
			knownRegions = (
				en,
				Base,
				ru,
			);
			mainGroup = EDFF2D042B43471300F27E61;
			packageReferences = (
				ED8A407F2B4C57410055DAB6 /* XCRemoteSwiftPackageReference "swiftui-cached-async-image" */,
				ED49A9AE2B5ED48C0016920B /* XCLocalSwiftPackageReference "Anime365ApiClient" */,
				C64EB0162B68587700AC7C27 /* XCRemoteSwiftPackageReference "DITranquillity" */,
			);
			productRefGroup = EDFF2D0E2B43471300F27E61 /* Products */;
			projectDirPath = "";
			projectRoot = "";
			targets = (
				EDFF2D0C2B43471300F27E61 /* Ichime */,
				C6D414032B9FBAAC006735D9 /* IchimeMac */,
			);
		};
/* End PBXProject section */

/* Begin PBXResourcesBuildPhase section */
		C6D414022B9FBAAC006735D9 /* Resources */ = {
			isa = PBXResourcesBuildPhase;
			buildActionMask = 2147483647;
			files = (
				C6D4140E2B9FBAAE006735D9 /* Preview Assets.xcassets in Resources */,
				C6D4140B2B9FBAAE006735D9 /* Assets.xcassets in Resources */,
			);
			runOnlyForDeploymentPostprocessing = 0;
		};
		EDFF2D0B2B43471300F27E61 /* Resources */ = {
			isa = PBXResourcesBuildPhase;
			buildActionMask = 2147483647;
			files = (
				C6656A722B6325D400BF7412 /* .swiftformat in Resources */,
				C6D413FF2B9FB2BB006735D9 /* Localizable.xcstrings in Resources */,
				EDFF2D192B43471500F27E61 /* Preview Assets.xcassets in Resources */,
				C68C6E1E2B4AFDD5008D796D /* .gitignore in Resources */,
				EDFF2D152B43471500F27E61 /* Assets.xcassets in Resources */,
			);
			runOnlyForDeploymentPostprocessing = 0;
		};
/* End PBXResourcesBuildPhase section */

/* Begin PBXSourcesBuildPhase section */
		C6D414002B9FBAAC006735D9 /* Sources */ = {
			isa = PBXSourcesBuildPhase;
			buildActionMask = 2147483647;
			files = (
				C6899EB32BA2535100E63311 /* NotificationCounterWatcher.swift in Sources */,
				C6D0DA752B9FBFBE0000255C /* EpisodePreviewModel.swift in Sources */,
				C6899EB62BA254D300E63311 /* ShowCard.swift in Sources */,
				C6D0DA642B9FBDF00000255C /* OnboardingView.swift in Sources */,
				C6D0DA6E2B9FBE9A0000255C /* ServiceLocator.swift in Sources */,
				C6D0DA702B9FBEA80000255C /* UserManager.swift in Sources */,
				C6D0DA6F2B9FBE9E0000255C /* DI.swift in Sources */,
				C6899EB82BA2583100E63311 /* SearchShowsView.swift in Sources */,
				C6D414092B9FBAAC006735D9 /* ContentView.swift in Sources */,
				C6D0DA742B9FBFBA0000255C /* EpisodeModel.swift in Sources */,
				C6D0DA652B9FBE010000255C /* AuthenticationView.swift in Sources */,
				C6D0DA722B9FBEC20000255C /* ShowModel.swift in Sources */,
				C6D0DA732B9FBFB50000255C /* TranslationModel.swift in Sources */,
				C6D0DA712B9FBEB40000255C /* Anime365Client.swift in Sources */,
				C6899EB52BA254C900E63311 /* OngoingsView.swift in Sources */,
				C6D414072B9FBAAC006735D9 /* IchimeMacApp.swift in Sources */,
				C6899EB92BA25DA000E63311 /* ShowView.swift in Sources */,
				C6D0DA762B9FBFC20000255C /* EpisodeStreamingInfo.swift in Sources */,
				C6D0DA772B9FBFD80000255C /* BaseUrlPreference.swift in Sources */,
			);
			runOnlyForDeploymentPostprocessing = 0;
		};
		EDFF2D092B43471300F27E61 /* Sources */ = {
			isa = PBXSourcesBuildPhase;
			buildActionMask = 2147483647;
			files = (
				EDE959332B484C8A0030B23D /* ContentView.swift in Sources */,
				C6B833202B669E2F00D4A1AC /* WatchCardModel.swift in Sources */,
				EDE959312B4762690030B23D /* OngoingsView.swift in Sources */,
				C6656A692B62E30500BF7412 /* MyListEditView.swift in Sources */,
				ED0D29952B66C84600C5AC9E /* BaseUrlPreference.swift in Sources */,
				ED3D84052B5C427E0025BB5D /* NotificationCenterView.swift in Sources */,
				ED36C6222B52E945000D0A80 /* EpisodeListView.swift in Sources */,
				ED36C6282B530535000D0A80 /* EpisodePreviewModel.swift in Sources */,
				EDF7104E2B4B344F001C2008 /* ShowCard.swift in Sources */,
				ED89978F2B55A53800D7689B /* TranslationModel.swift in Sources */,
				ED3A674B2B56FBBA00FB3975 /* ShowModel.swift in Sources */,
				C63C91862B5DAC8E00B44CC8 /* VideoPlayer.swift in Sources */,
				EDFF2D2A2B4476D300F27E61 /* Anime365Client.swift in Sources */,
				ED36C62A2B53FB81000D0A80 /* EpisodeModel.swift in Sources */,
				C6656A6C2B630C7C00BF7412 /* UserRateForm.swift in Sources */,
				ED3A674D2B5739B600FB3975 /* EpisodeTranslationQualitySelectorView.swift in Sources */,
				EDD353B42B5E82AF00313489 /* ServiceLocator.swift in Sources */,
				ED3D83F92B5BFA890025BB5D /* EpisodeStreamingInfo.swift in Sources */,
				ED3D84012B5C406F0025BB5D /* CurrentlyWatchingView.swift in Sources */,
				C65ACDE82B54466400C27FB3 /* UserManager.swift in Sources */,
				C6656A6E2B631EBE00BF7412 /* AnimeList.swift in Sources */,
				EDE9592F2B475E590030B23D /* ShowView.swift in Sources */,
				ED2D3E732B68342800F1EC40 /* ProfileView.swift in Sources */,
				ED36C6252B52ECFB000D0A80 /* EpisodePreviewRow.swift in Sources */,
				EDFF2D112B43471300F27E61 /* IchimeApp.swift in Sources */,
				C64EB01A2B699C3D00AC7C27 /* DI.swift in Sources */,
				EDE9592D2B475A7B0030B23D /* SearchShowsView.swift in Sources */,
				C61057002B99271F008012E7 /* NotificationCounterWatcher.swift in Sources */,
				C6B8331D2B66951700D4A1AC /* WatchCard.swift in Sources */,
				ED1919772B5F00AD008C6C99 /* OnboardingView.swift in Sources */,
				ED3D83FD2B5C3E710025BB5D /* MyListsView.swift in Sources */,
				ED36C6202B52D2AA000D0A80 /* EpisodeTranslationsView.swift in Sources */,
				ED269F622B6034810083A62F /* AuthenticationView.swift in Sources */,
				C6899EB12BA2532E00E63311 /* ContentViewWithSideBar.swift in Sources */,
			);
			runOnlyForDeploymentPostprocessing = 0;
		};
/* End PBXSourcesBuildPhase section */

/* Begin XCBuildConfiguration section */
		C6D414112B9FBAAE006735D9 /* Debug */ = {
			isa = XCBuildConfiguration;
			buildSettings = {
				ASSETCATALOG_COMPILER_APPICON_NAME = AppIcon;
				ASSETCATALOG_COMPILER_GLOBAL_ACCENT_COLOR_NAME = AccentColor;
				CODE_SIGN_ENTITLEMENTS = IchimeMac/IchimeMac.entitlements;
				CODE_SIGN_STYLE = Automatic;
				COMBINE_HIDPI_IMAGES = YES;
				CURRENT_PROJECT_VERSION = 1;
				DEVELOPMENT_ASSET_PATHS = "\"IchimeMac/Preview Content\"";
				DEVELOPMENT_TEAM = YBBAN7R28K;
				ENABLE_HARDENED_RUNTIME = YES;
				ENABLE_PREVIEWS = YES;
				GENERATE_INFOPLIST_FILE = YES;
				INFOPLIST_KEY_NSHumanReadableCopyright = "";
				LD_RUNPATH_SEARCH_PATHS = (
					"$(inherited)",
					"@executable_path/../Frameworks",
				);
				MACOSX_DEPLOYMENT_TARGET = 14.2;
				MARKETING_VERSION = 1.0;
				PRODUCT_BUNDLE_IDENTIFIER = dev.midorinome.IchimeMac;
				PRODUCT_NAME = "$(TARGET_NAME)";
				SDKROOT = macosx;
				SWIFT_EMIT_LOC_STRINGS = YES;
				SWIFT_VERSION = 5.0;
			};
			name = Debug;
		};
		C6D414122B9FBAAE006735D9 /* Release */ = {
			isa = XCBuildConfiguration;
			buildSettings = {
				ASSETCATALOG_COMPILER_APPICON_NAME = AppIcon;
				ASSETCATALOG_COMPILER_GLOBAL_ACCENT_COLOR_NAME = AccentColor;
				CODE_SIGN_ENTITLEMENTS = IchimeMac/IchimeMac.entitlements;
				CODE_SIGN_STYLE = Automatic;
				COMBINE_HIDPI_IMAGES = YES;
				CURRENT_PROJECT_VERSION = 1;
				DEVELOPMENT_ASSET_PATHS = "\"IchimeMac/Preview Content\"";
				DEVELOPMENT_TEAM = YBBAN7R28K;
				ENABLE_HARDENED_RUNTIME = YES;
				ENABLE_PREVIEWS = YES;
				GENERATE_INFOPLIST_FILE = YES;
				INFOPLIST_KEY_NSHumanReadableCopyright = "";
				LD_RUNPATH_SEARCH_PATHS = (
					"$(inherited)",
					"@executable_path/../Frameworks",
				);
				MACOSX_DEPLOYMENT_TARGET = 14.2;
				MARKETING_VERSION = 1.0;
				PRODUCT_BUNDLE_IDENTIFIER = dev.midorinome.IchimeMac;
				PRODUCT_NAME = "$(TARGET_NAME)";
				SDKROOT = macosx;
				SWIFT_EMIT_LOC_STRINGS = YES;
				SWIFT_VERSION = 5.0;
			};
			name = Release;
		};
		EDFF2D1A2B43471500F27E61 /* Debug */ = {
			isa = XCBuildConfiguration;
			buildSettings = {
				ALWAYS_SEARCH_USER_PATHS = NO;
				ASSETCATALOG_COMPILER_GENERATE_SWIFT_ASSET_SYMBOL_EXTENSIONS = YES;
				CLANG_ANALYZER_NONNULL = YES;
				CLANG_ANALYZER_NUMBER_OBJECT_CONVERSION = YES_AGGRESSIVE;
				CLANG_CXX_LANGUAGE_STANDARD = "gnu++20";
				CLANG_ENABLE_MODULES = YES;
				CLANG_ENABLE_OBJC_ARC = YES;
				CLANG_ENABLE_OBJC_WEAK = YES;
				CLANG_WARN_BLOCK_CAPTURE_AUTORELEASING = YES;
				CLANG_WARN_BOOL_CONVERSION = YES;
				CLANG_WARN_COMMA = YES;
				CLANG_WARN_CONSTANT_CONVERSION = YES;
				CLANG_WARN_DEPRECATED_OBJC_IMPLEMENTATIONS = YES;
				CLANG_WARN_DIRECT_OBJC_ISA_USAGE = YES_ERROR;
				CLANG_WARN_DOCUMENTATION_COMMENTS = YES;
				CLANG_WARN_EMPTY_BODY = YES;
				CLANG_WARN_ENUM_CONVERSION = YES;
				CLANG_WARN_INFINITE_RECURSION = YES;
				CLANG_WARN_INT_CONVERSION = YES;
				CLANG_WARN_NON_LITERAL_NULL_CONVERSION = YES;
				CLANG_WARN_OBJC_IMPLICIT_RETAIN_SELF = YES;
				CLANG_WARN_OBJC_LITERAL_CONVERSION = YES;
				CLANG_WARN_OBJC_ROOT_CLASS = YES_ERROR;
				CLANG_WARN_QUOTED_INCLUDE_IN_FRAMEWORK_HEADER = YES;
				CLANG_WARN_RANGE_LOOP_ANALYSIS = YES;
				CLANG_WARN_STRICT_PROTOTYPES = YES;
				CLANG_WARN_SUSPICIOUS_MOVE = YES;
				CLANG_WARN_UNGUARDED_AVAILABILITY = YES_AGGRESSIVE;
				CLANG_WARN_UNREACHABLE_CODE = YES;
				CLANG_WARN__DUPLICATE_METHOD_MATCH = YES;
				COPY_PHASE_STRIP = NO;
				DEAD_CODE_STRIPPING = YES;
				DEBUG_INFORMATION_FORMAT = dwarf;
				ENABLE_STRICT_OBJC_MSGSEND = YES;
				ENABLE_TESTABILITY = YES;
				ENABLE_USER_SCRIPT_SANDBOXING = YES;
				GCC_C_LANGUAGE_STANDARD = gnu17;
				GCC_DYNAMIC_NO_PIC = NO;
				GCC_NO_COMMON_BLOCKS = YES;
				GCC_OPTIMIZATION_LEVEL = 0;
				GCC_PREPROCESSOR_DEFINITIONS = (
					"DEBUG=1",
					"$(inherited)",
				);
				GCC_WARN_64_TO_32_BIT_CONVERSION = YES;
				GCC_WARN_ABOUT_RETURN_TYPE = YES_ERROR;
				GCC_WARN_UNDECLARED_SELECTOR = YES;
				GCC_WARN_UNINITIALIZED_AUTOS = YES_AGGRESSIVE;
				GCC_WARN_UNUSED_FUNCTION = YES;
				GCC_WARN_UNUSED_VARIABLE = YES;
				IPHONEOS_DEPLOYMENT_TARGET = 17.2;
				LOCALIZATION_PREFERS_STRING_CATALOGS = YES;
				MTL_ENABLE_DEBUG_INFO = INCLUDE_SOURCE;
				MTL_FAST_MATH = YES;
				ONLY_ACTIVE_ARCH = YES;
				SWIFT_ACTIVE_COMPILATION_CONDITIONS = "DEBUG $(inherited)";
				SWIFT_OPTIMIZATION_LEVEL = "-Onone";
			};
			name = Debug;
		};
		EDFF2D1B2B43471500F27E61 /* Release */ = {
			isa = XCBuildConfiguration;
			buildSettings = {
				ALWAYS_SEARCH_USER_PATHS = NO;
				ASSETCATALOG_COMPILER_GENERATE_SWIFT_ASSET_SYMBOL_EXTENSIONS = YES;
				CLANG_ANALYZER_NONNULL = YES;
				CLANG_ANALYZER_NUMBER_OBJECT_CONVERSION = YES_AGGRESSIVE;
				CLANG_CXX_LANGUAGE_STANDARD = "gnu++20";
				CLANG_ENABLE_MODULES = YES;
				CLANG_ENABLE_OBJC_ARC = YES;
				CLANG_ENABLE_OBJC_WEAK = YES;
				CLANG_WARN_BLOCK_CAPTURE_AUTORELEASING = YES;
				CLANG_WARN_BOOL_CONVERSION = YES;
				CLANG_WARN_COMMA = YES;
				CLANG_WARN_CONSTANT_CONVERSION = YES;
				CLANG_WARN_DEPRECATED_OBJC_IMPLEMENTATIONS = YES;
				CLANG_WARN_DIRECT_OBJC_ISA_USAGE = YES_ERROR;
				CLANG_WARN_DOCUMENTATION_COMMENTS = YES;
				CLANG_WARN_EMPTY_BODY = YES;
				CLANG_WARN_ENUM_CONVERSION = YES;
				CLANG_WARN_INFINITE_RECURSION = YES;
				CLANG_WARN_INT_CONVERSION = YES;
				CLANG_WARN_NON_LITERAL_NULL_CONVERSION = YES;
				CLANG_WARN_OBJC_IMPLICIT_RETAIN_SELF = YES;
				CLANG_WARN_OBJC_LITERAL_CONVERSION = YES;
				CLANG_WARN_OBJC_ROOT_CLASS = YES_ERROR;
				CLANG_WARN_QUOTED_INCLUDE_IN_FRAMEWORK_HEADER = YES;
				CLANG_WARN_RANGE_LOOP_ANALYSIS = YES;
				CLANG_WARN_STRICT_PROTOTYPES = YES;
				CLANG_WARN_SUSPICIOUS_MOVE = YES;
				CLANG_WARN_UNGUARDED_AVAILABILITY = YES_AGGRESSIVE;
				CLANG_WARN_UNREACHABLE_CODE = YES;
				CLANG_WARN__DUPLICATE_METHOD_MATCH = YES;
				COPY_PHASE_STRIP = NO;
				DEAD_CODE_STRIPPING = YES;
				DEBUG_INFORMATION_FORMAT = "dwarf-with-dsym";
				ENABLE_NS_ASSERTIONS = NO;
				ENABLE_STRICT_OBJC_MSGSEND = YES;
				ENABLE_USER_SCRIPT_SANDBOXING = YES;
				GCC_C_LANGUAGE_STANDARD = gnu17;
				GCC_NO_COMMON_BLOCKS = YES;
				GCC_WARN_64_TO_32_BIT_CONVERSION = YES;
				GCC_WARN_ABOUT_RETURN_TYPE = YES_ERROR;
				GCC_WARN_UNDECLARED_SELECTOR = YES;
				GCC_WARN_UNINITIALIZED_AUTOS = YES_AGGRESSIVE;
				GCC_WARN_UNUSED_FUNCTION = YES;
				GCC_WARN_UNUSED_VARIABLE = YES;
				IPHONEOS_DEPLOYMENT_TARGET = 17.2;
				LOCALIZATION_PREFERS_STRING_CATALOGS = YES;
				MTL_ENABLE_DEBUG_INFO = NO;
				MTL_FAST_MATH = YES;
				SWIFT_COMPILATION_MODE = wholemodule;
			};
			name = Release;
		};
		EDFF2D1D2B43471500F27E61 /* Debug */ = {
			isa = XCBuildConfiguration;
			buildSettings = {
				ALLOW_TARGET_PLATFORM_SPECIALIZATION = YES;
				ASSETCATALOG_COMPILER_APPICON_NAME = AppIcon;
				ASSETCATALOG_COMPILER_GLOBAL_ACCENT_COLOR_NAME = AccentColor;
				CLANG_ENABLE_MODULES = YES;
				CODE_SIGN_ENTITLEMENTS = ichime/ichime.entitlements;
				CODE_SIGN_IDENTITY = "Apple Development";
				CODE_SIGN_STYLE = Automatic;
				CURRENT_PROJECT_VERSION = 4;
				DEVELOPMENT_ASSET_PATHS = "\"ichime/Preview Content\"";
				DEVELOPMENT_TEAM = YBBAN7R28K;
				ENABLE_PREVIEWS = YES;
				ENABLE_USER_SCRIPT_SANDBOXING = NO;
				FRAMEWORK_SEARCH_PATHS = (
					"$(inherited)",
					"$(PROJECT_DIR)",
				);
				GENERATE_INFOPLIST_FILE = YES;
				INFOPLIST_FILE = ichime/Info.plist;
				INFOPLIST_KEY_CFBundleDisplayName = "Ichime Dev";
				INFOPLIST_KEY_LSApplicationCategoryType = "public.app-category.entertainment";
				INFOPLIST_KEY_UIApplicationSceneManifest_Generation = YES;
				"INFOPLIST_KEY_UIApplicationSceneManifest_Generation[sdk=iphoneos*]" = YES;
				"INFOPLIST_KEY_UIApplicationSceneManifest_Generation[sdk=iphonesimulator*]" = YES;
				INFOPLIST_KEY_UIApplicationSupportsIndirectInputEvents = YES;
				"INFOPLIST_KEY_UIApplicationSupportsIndirectInputEvents[sdk=iphoneos*]" = YES;
				"INFOPLIST_KEY_UIApplicationSupportsIndirectInputEvents[sdk=iphonesimulator*]" = YES;
				INFOPLIST_KEY_UILaunchScreen_Generation = YES;
				"INFOPLIST_KEY_UILaunchScreen_Generation[sdk=iphoneos*]" = YES;
				"INFOPLIST_KEY_UILaunchScreen_Generation[sdk=iphonesimulator*]" = YES;
				INFOPLIST_KEY_UIStatusBarStyle = UIStatusBarStyleDefault;
				"INFOPLIST_KEY_UIStatusBarStyle[sdk=iphoneos*]" = UIStatusBarStyleDefault;
				"INFOPLIST_KEY_UIStatusBarStyle[sdk=iphonesimulator*]" = UIStatusBarStyleDefault;
				INFOPLIST_KEY_UISupportedInterfaceOrientations_iPad = "UIInterfaceOrientationPortrait UIInterfaceOrientationPortraitUpsideDown UIInterfaceOrientationLandscapeLeft UIInterfaceOrientationLandscapeRight";
				INFOPLIST_KEY_UISupportedInterfaceOrientations_iPhone = "UIInterfaceOrientationPortrait UIInterfaceOrientationLandscapeLeft UIInterfaceOrientationLandscapeRight";
				IPHONEOS_DEPLOYMENT_TARGET = 17.2;
				LD_RUNPATH_SEARCH_PATHS = "@executable_path/Frameworks";
				"LD_RUNPATH_SEARCH_PATHS[sdk=macosx*]" = "@executable_path/../Frameworks";
				MACOSX_DEPLOYMENT_TARGET = 14.2;
				MARKETING_VERSION = 1.0;
				PRODUCT_BUNDLE_IDENTIFIER = dev.midorinome.ichime;
				PRODUCT_NAME = "$(TARGET_NAME)";
				PROVISIONING_PROFILE_SPECIFIER = "";
				SDKROOT = iphoneos;
				SUPPORTED_PLATFORMS = "iphoneos iphonesimulator";
				SUPPORTS_MACCATALYST = NO;
				SUPPORTS_XR_DESIGNED_FOR_IPHONE_IPAD = NO;
				SWIFT_EMIT_LOC_STRINGS = YES;
				SWIFT_OPTIMIZATION_LEVEL = "-Onone";
				SWIFT_VERSION = 5.0;
				TARGETED_DEVICE_FAMILY = "1,2";
			};
			name = Debug;
		};
		EDFF2D1E2B43471500F27E61 /* Release */ = {
			isa = XCBuildConfiguration;
			buildSettings = {
				ALLOW_TARGET_PLATFORM_SPECIALIZATION = YES;
				ASSETCATALOG_COMPILER_APPICON_NAME = AppIcon;
				ASSETCATALOG_COMPILER_GLOBAL_ACCENT_COLOR_NAME = AccentColor;
				CLANG_ENABLE_MODULES = YES;
				CODE_SIGN_ENTITLEMENTS = ichime/ichime.entitlements;
				CODE_SIGN_IDENTITY = "Apple Development";
				CODE_SIGN_STYLE = Automatic;
				CURRENT_PROJECT_VERSION = 4;
				DEVELOPMENT_ASSET_PATHS = "\"ichime/Preview Content\"";
				DEVELOPMENT_TEAM = YBBAN7R28K;
				ENABLE_PREVIEWS = YES;
				ENABLE_USER_SCRIPT_SANDBOXING = NO;
				FRAMEWORK_SEARCH_PATHS = (
					"$(inherited)",
					"$(PROJECT_DIR)",
				);
				GENERATE_INFOPLIST_FILE = YES;
				INFOPLIST_FILE = ichime/Info.plist;
				INFOPLIST_KEY_CFBundleDisplayName = Ichime;
				INFOPLIST_KEY_LSApplicationCategoryType = "public.app-category.entertainment";
				INFOPLIST_KEY_UIApplicationSceneManifest_Generation = YES;
				"INFOPLIST_KEY_UIApplicationSceneManifest_Generation[sdk=iphoneos*]" = YES;
				"INFOPLIST_KEY_UIApplicationSceneManifest_Generation[sdk=iphonesimulator*]" = YES;
				INFOPLIST_KEY_UIApplicationSupportsIndirectInputEvents = YES;
				"INFOPLIST_KEY_UIApplicationSupportsIndirectInputEvents[sdk=iphoneos*]" = YES;
				"INFOPLIST_KEY_UIApplicationSupportsIndirectInputEvents[sdk=iphonesimulator*]" = YES;
				INFOPLIST_KEY_UILaunchScreen_Generation = YES;
				"INFOPLIST_KEY_UILaunchScreen_Generation[sdk=iphoneos*]" = YES;
				"INFOPLIST_KEY_UILaunchScreen_Generation[sdk=iphonesimulator*]" = YES;
				INFOPLIST_KEY_UIStatusBarStyle = UIStatusBarStyleDefault;
				"INFOPLIST_KEY_UIStatusBarStyle[sdk=iphoneos*]" = UIStatusBarStyleDefault;
				"INFOPLIST_KEY_UIStatusBarStyle[sdk=iphonesimulator*]" = UIStatusBarStyleDefault;
				INFOPLIST_KEY_UISupportedInterfaceOrientations_iPad = "UIInterfaceOrientationPortrait UIInterfaceOrientationPortraitUpsideDown UIInterfaceOrientationLandscapeLeft UIInterfaceOrientationLandscapeRight";
				INFOPLIST_KEY_UISupportedInterfaceOrientations_iPhone = "UIInterfaceOrientationPortrait UIInterfaceOrientationLandscapeLeft UIInterfaceOrientationLandscapeRight";
				IPHONEOS_DEPLOYMENT_TARGET = 17.2;
				LD_RUNPATH_SEARCH_PATHS = "@executable_path/Frameworks";
				"LD_RUNPATH_SEARCH_PATHS[sdk=macosx*]" = "@executable_path/../Frameworks";
				MACOSX_DEPLOYMENT_TARGET = 14.2;
				MARKETING_VERSION = 1.0;
				PRODUCT_BUNDLE_IDENTIFIER = dev.midorinome.ichime;
				PRODUCT_NAME = "$(TARGET_NAME)";
				PROVISIONING_PROFILE_SPECIFIER = "";
				SDKROOT = iphoneos;
				SUPPORTED_PLATFORMS = "iphoneos iphonesimulator";
				SUPPORTS_MACCATALYST = NO;
				SUPPORTS_XR_DESIGNED_FOR_IPHONE_IPAD = NO;
				SWIFT_EMIT_LOC_STRINGS = YES;
				SWIFT_OBJC_BRIDGING_HEADER = "";
				SWIFT_VERSION = 5.0;
				TARGETED_DEVICE_FAMILY = "1,2";
			};
			name = Release;
		};
/* End XCBuildConfiguration section */

/* Begin XCConfigurationList section */
		C6D414102B9FBAAE006735D9 /* Build configuration list for PBXNativeTarget "IchimeMac" */ = {
			isa = XCConfigurationList;
			buildConfigurations = (
				C6D414112B9FBAAE006735D9 /* Debug */,
				C6D414122B9FBAAE006735D9 /* Release */,
			);
			defaultConfigurationIsVisible = 0;
			defaultConfigurationName = Release;
		};
		EDFF2D082B43471300F27E61 /* Build configuration list for PBXProject "ichime" */ = {
			isa = XCConfigurationList;
			buildConfigurations = (
				EDFF2D1A2B43471500F27E61 /* Debug */,
				EDFF2D1B2B43471500F27E61 /* Release */,
			);
			defaultConfigurationIsVisible = 0;
			defaultConfigurationName = Release;
		};
		EDFF2D1C2B43471500F27E61 /* Build configuration list for PBXNativeTarget "Ichime" */ = {
			isa = XCConfigurationList;
			buildConfigurations = (
				EDFF2D1D2B43471500F27E61 /* Debug */,
				EDFF2D1E2B43471500F27E61 /* Release */,
			);
			defaultConfigurationIsVisible = 0;
			defaultConfigurationName = Release;
		};
/* End XCConfigurationList section */

/* Begin XCLocalSwiftPackageReference section */
		ED49A9AE2B5ED48C0016920B /* XCLocalSwiftPackageReference "Anime365ApiClient" */ = {
			isa = XCLocalSwiftPackageReference;
			relativePath = Anime365ApiClient;
		};
/* End XCLocalSwiftPackageReference section */

/* Begin XCRemoteSwiftPackageReference section */
		C64EB0162B68587700AC7C27 /* XCRemoteSwiftPackageReference "DITranquillity" */ = {
			isa = XCRemoteSwiftPackageReference;
			repositoryURL = "https://github.com/ivlevAstef/DITranquillity.git";
			requirement = {
				kind = upToNextMajorVersion;
				minimumVersion = 4.5.0;
			};
		};
		ED8A407F2B4C57410055DAB6 /* XCRemoteSwiftPackageReference "swiftui-cached-async-image" */ = {
			isa = XCRemoteSwiftPackageReference;
			repositoryURL = "https://github.com/lorenzofiamingo/swiftui-cached-async-image";
			requirement = {
				kind = upToNextMajorVersion;
				minimumVersion = 2.1.1;
			};
		};
/* End XCRemoteSwiftPackageReference section */

/* Begin XCSwiftPackageProductDependency section */
		C64EB0172B68587700AC7C27 /* DITranquillity */ = {
			isa = XCSwiftPackageProductDependency;
			package = C64EB0162B68587700AC7C27 /* XCRemoteSwiftPackageReference "DITranquillity" */;
			productName = DITranquillity;
		};
		C651FD082B61745700E68341 /* ScraperAPI */ = {
			isa = XCSwiftPackageProductDependency;
			productName = ScraperAPI;
		};
		C6D0DA662B9FBE4C0000255C /* Anime365ApiClient */ = {
			isa = XCSwiftPackageProductDependency;
			productName = Anime365ApiClient;
		};
		C6D0DA682B9FBE4C0000255C /* ScraperAPI */ = {
			isa = XCSwiftPackageProductDependency;
			productName = ScraperAPI;
		};
		C6D0DA6A2B9FBE4C0000255C /* CachedAsyncImage */ = {
			isa = XCSwiftPackageProductDependency;
			package = ED8A407F2B4C57410055DAB6 /* XCRemoteSwiftPackageReference "swiftui-cached-async-image" */;
			productName = CachedAsyncImage;
		};
		C6D0DA6C2B9FBE4C0000255C /* DITranquillity */ = {
			isa = XCSwiftPackageProductDependency;
			package = C64EB0162B68587700AC7C27 /* XCRemoteSwiftPackageReference "DITranquillity" */;
			productName = DITranquillity;
		};
		ED49A9AF2B5ED48C0016920B /* Anime365ApiClient */ = {
			isa = XCSwiftPackageProductDependency;
			productName = Anime365ApiClient;
		};
		ED8A40802B4C57410055DAB6 /* CachedAsyncImage */ = {
			isa = XCSwiftPackageProductDependency;
			package = ED8A407F2B4C57410055DAB6 /* XCRemoteSwiftPackageReference "swiftui-cached-async-image" */;
			productName = CachedAsyncImage;
		};
/* End XCSwiftPackageProductDependency section */
	};
	rootObject = EDFF2D052B43471300F27E61 /* Project object */;
}
