// !$*UTF8*$!
{
	archiveVersion = 1;
	classes = {
	};
	objectVersion = 56;
	objects = {

/* Begin PBXBuildFile section */
		C65940FB2B4AF0C000413062 /* Anime365Scraper in Frameworks */ = {isa = PBXBuildFile; productRef = C65940FA2B4AF0C000413062 /* Anime365Scraper */; };
		C68C6E1E2B4AFDD5008D796D /* .gitignore in Resources */ = {isa = PBXBuildFile; fileRef = C68C6E1D2B4AFDD5008D796D /* .gitignore */; };
		ED36C6202B52D2AA000D0A80 /* EpisodeView.swift in Sources */ = {isa = PBXBuildFile; fileRef = ED36C61F2B52D2AA000D0A80 /* EpisodeView.swift */; };
		ED36C6222B52E945000D0A80 /* EpisodeListView.swift in Sources */ = {isa = PBXBuildFile; fileRef = ED36C6212B52E945000D0A80 /* EpisodeListView.swift */; };
		ED36C6252B52ECFB000D0A80 /* EpisodePreviewRow.swift in Sources */ = {isa = PBXBuildFile; fileRef = ED36C6242B52ECFB000D0A80 /* EpisodePreviewRow.swift */; };
		ED36C6282B530535000D0A80 /* EpisodePreview.swift in Sources */ = {isa = PBXBuildFile; fileRef = ED36C6272B530535000D0A80 /* EpisodePreview.swift */; };
		ED5A80672B49DEA300D59815 /* SceneLoadingErrorView.swift in Sources */ = {isa = PBXBuildFile; fileRef = ED5A80662B49DEA300D59815 /* SceneLoadingErrorView.swift */; };
		ED8815E52B51DADF00EDBA9C /* RecentSearches.swift in Sources */ = {isa = PBXBuildFile; fileRef = ED8815E42B51DADF00EDBA9C /* RecentSearches.swift */; };
		ED8A40812B4C57410055DAB6 /* CachedAsyncImage in Frameworks */ = {isa = PBXBuildFile; productRef = ED8A40802B4C57410055DAB6 /* CachedAsyncImage */; };
		EDE9592D2B475A7B0030B23D /* SearchShowsView.swift in Sources */ = {isa = PBXBuildFile; fileRef = EDE9592C2B475A7B0030B23D /* SearchShowsView.swift */; };
		EDE9592F2B475E590030B23D /* ShowView.swift in Sources */ = {isa = PBXBuildFile; fileRef = EDE9592E2B475E590030B23D /* ShowView.swift */; };
		EDE959312B4762690030B23D /* OngoingsView.swift in Sources */ = {isa = PBXBuildFile; fileRef = EDE959302B4762690030B23D /* OngoingsView.swift */; };
		EDE959332B484C8A0030B23D /* ContentView.swift in Sources */ = {isa = PBXBuildFile; fileRef = EDE959322B484C8A0030B23D /* ContentView.swift */; };
		EDE959352B484F7D0030B23D /* OverviewView.swift in Sources */ = {isa = PBXBuildFile; fileRef = EDE959342B484F7D0030B23D /* OverviewView.swift */; };
		EDF7104E2B4B344F001C2008 /* ShowCard.swift in Sources */ = {isa = PBXBuildFile; fileRef = EDF7104D2B4B344F001C2008 /* ShowCard.swift */; };
		EDFF2D112B43471300F27E61 /* Anime365App.swift in Sources */ = {isa = PBXBuildFile; fileRef = EDFF2D102B43471300F27E61 /* Anime365App.swift */; };
		EDFF2D152B43471500F27E61 /* Assets.xcassets in Resources */ = {isa = PBXBuildFile; fileRef = EDFF2D142B43471500F27E61 /* Assets.xcassets */; };
		EDFF2D192B43471500F27E61 /* Preview Assets.xcassets in Resources */ = {isa = PBXBuildFile; fileRef = EDFF2D182B43471500F27E61 /* Preview Assets.xcassets */; };
		EDFF2D242B44384500F27E61 /* Anime365ApiClient.swift in Sources */ = {isa = PBXBuildFile; fileRef = EDFF2D232B44384500F27E61 /* Anime365ApiClient.swift */; };
		EDFF2D282B44763700F27E61 /* ShowCategoryRow.swift in Sources */ = {isa = PBXBuildFile; fileRef = EDFF2D272B44763700F27E61 /* ShowCategoryRow.swift */; };
		EDFF2D2A2B4476D300F27E61 /* Anime365Client.swift in Sources */ = {isa = PBXBuildFile; fileRef = EDFF2D292B4476D300F27E61 /* Anime365Client.swift */; };
		EDFF2D2C2B449A5500F27E61 /* Episode.swift in Sources */ = {isa = PBXBuildFile; fileRef = EDFF2D2B2B449A5500F27E61 /* Episode.swift */; };
/* End PBXBuildFile section */

/* Begin PBXCopyFilesBuildPhase section */
		EDA629182B4576BE0093F8E5 /* Embed Frameworks */ = {
			isa = PBXCopyFilesBuildPhase;
			buildActionMask = 2147483647;
			dstPath = "";
			dstSubfolderSpec = 10;
			files = (
			);
			name = "Embed Frameworks";
			runOnlyForDeploymentPostprocessing = 0;
		};
/* End PBXCopyFilesBuildPhase section */

/* Begin PBXFileReference section */
		C68C6E1D2B4AFDD5008D796D /* .gitignore */ = {isa = PBXFileReference; fileEncoding = 4; lastKnownFileType = text; path = .gitignore; sourceTree = "<group>"; };
		C6D440D12B4AEA9D00A81421 /* Anime365Scraper */ = {isa = PBXFileReference; lastKnownFileType = wrapper; path = Anime365Scraper; sourceTree = "<group>"; };
		ED36C61F2B52D2AA000D0A80 /* EpisodeView.swift */ = {isa = PBXFileReference; lastKnownFileType = sourcecode.swift; path = EpisodeView.swift; sourceTree = "<group>"; };
		ED36C6212B52E945000D0A80 /* EpisodeListView.swift */ = {isa = PBXFileReference; lastKnownFileType = sourcecode.swift; path = EpisodeListView.swift; sourceTree = "<group>"; };
		ED36C6242B52ECFB000D0A80 /* EpisodePreviewRow.swift */ = {isa = PBXFileReference; lastKnownFileType = sourcecode.swift; path = EpisodePreviewRow.swift; sourceTree = "<group>"; };
		ED36C6272B530535000D0A80 /* EpisodePreview.swift */ = {isa = PBXFileReference; lastKnownFileType = sourcecode.swift; path = EpisodePreview.swift; sourceTree = "<group>"; };
		ED5A80662B49DEA300D59815 /* SceneLoadingErrorView.swift */ = {isa = PBXFileReference; lastKnownFileType = sourcecode.swift; path = SceneLoadingErrorView.swift; sourceTree = "<group>"; };
		ED8815E42B51DADF00EDBA9C /* RecentSearches.swift */ = {isa = PBXFileReference; lastKnownFileType = sourcecode.swift; path = RecentSearches.swift; sourceTree = "<group>"; };
		EDA277052B457B2E003A97F0 /* README.md */ = {isa = PBXFileReference; lastKnownFileType = net.daringfireball.markdown; path = README.md; sourceTree = "<group>"; };
		EDB21EA02B4AD268001282FE /* .swiftlint.yml */ = {isa = PBXFileReference; lastKnownFileType = text.yaml; path = .swiftlint.yml; sourceTree = "<group>"; };
		EDE9592B2B47167B0030B23D /* Info.plist */ = {isa = PBXFileReference; lastKnownFileType = text.plist; path = Info.plist; sourceTree = "<group>"; };
		EDE9592C2B475A7B0030B23D /* SearchShowsView.swift */ = {isa = PBXFileReference; lastKnownFileType = sourcecode.swift; path = SearchShowsView.swift; sourceTree = "<group>"; };
		EDE9592E2B475E590030B23D /* ShowView.swift */ = {isa = PBXFileReference; lastKnownFileType = sourcecode.swift; path = ShowView.swift; sourceTree = "<group>"; };
		EDE959302B4762690030B23D /* OngoingsView.swift */ = {isa = PBXFileReference; lastKnownFileType = sourcecode.swift; path = OngoingsView.swift; sourceTree = "<group>"; };
		EDE959322B484C8A0030B23D /* ContentView.swift */ = {isa = PBXFileReference; lastKnownFileType = sourcecode.swift; path = ContentView.swift; sourceTree = "<group>"; };
		EDE959342B484F7D0030B23D /* OverviewView.swift */ = {isa = PBXFileReference; lastKnownFileType = sourcecode.swift; path = OverviewView.swift; sourceTree = "<group>"; };
		EDF7104D2B4B344F001C2008 /* ShowCard.swift */ = {isa = PBXFileReference; lastKnownFileType = sourcecode.swift; path = ShowCard.swift; sourceTree = "<group>"; };
		EDFF2D0D2B43471300F27E61 /* ani365.app */ = {isa = PBXFileReference; explicitFileType = wrapper.application; includeInIndex = 0; path = ani365.app; sourceTree = BUILT_PRODUCTS_DIR; };
		EDFF2D102B43471300F27E61 /* Anime365App.swift */ = {isa = PBXFileReference; lastKnownFileType = sourcecode.swift; path = Anime365App.swift; sourceTree = "<group>"; };
		EDFF2D142B43471500F27E61 /* Assets.xcassets */ = {isa = PBXFileReference; lastKnownFileType = folder.assetcatalog; path = Assets.xcassets; sourceTree = "<group>"; };
		EDFF2D162B43471500F27E61 /* ani365.entitlements */ = {isa = PBXFileReference; lastKnownFileType = text.plist.entitlements; path = ani365.entitlements; sourceTree = "<group>"; };
		EDFF2D182B43471500F27E61 /* Preview Assets.xcassets */ = {isa = PBXFileReference; lastKnownFileType = folder.assetcatalog; path = "Preview Assets.xcassets"; sourceTree = "<group>"; };
		EDFF2D232B44384500F27E61 /* Anime365ApiClient.swift */ = {isa = PBXFileReference; lastKnownFileType = sourcecode.swift; path = Anime365ApiClient.swift; sourceTree = "<group>"; };
		EDFF2D272B44763700F27E61 /* ShowCategoryRow.swift */ = {isa = PBXFileReference; lastKnownFileType = sourcecode.swift; path = ShowCategoryRow.swift; sourceTree = "<group>"; };
		EDFF2D292B4476D300F27E61 /* Anime365Client.swift */ = {isa = PBXFileReference; lastKnownFileType = sourcecode.swift; path = Anime365Client.swift; sourceTree = "<group>"; };
		EDFF2D2B2B449A5500F27E61 /* Episode.swift */ = {isa = PBXFileReference; lastKnownFileType = sourcecode.swift; path = Episode.swift; sourceTree = "<group>"; };
/* End PBXFileReference section */

/* Begin PBXFrameworksBuildPhase section */
		EDFF2D0A2B43471300F27E61 /* Frameworks */ = {
			isa = PBXFrameworksBuildPhase;
			buildActionMask = 2147483647;
			files = (
				C65940FB2B4AF0C000413062 /* Anime365Scraper in Frameworks */,
				ED8A40812B4C57410055DAB6 /* CachedAsyncImage in Frameworks */,
			);
			runOnlyForDeploymentPostprocessing = 0;
		};
/* End PBXFrameworksBuildPhase section */

/* Begin PBXGroup section */
		ED36C61D2B52D280000D0A80 /* Episode */ = {
			isa = PBXGroup;
			children = (
				ED36C6232B52ECED000D0A80 /* Component */,
				ED36C6262B530524000D0A80 /* Domain */,
				ED36C61E2B52D294000D0A80 /* View */,
			);
			path = Episode;
			sourceTree = "<group>";
		};
		ED36C61E2B52D294000D0A80 /* View */ = {
			isa = PBXGroup;
			children = (
				ED36C6212B52E945000D0A80 /* EpisodeListView.swift */,
				ED36C61F2B52D2AA000D0A80 /* EpisodeView.swift */,
			);
			path = View;
			sourceTree = "<group>";
		};
		ED36C6232B52ECED000D0A80 /* Component */ = {
			isa = PBXGroup;
			children = (
				ED36C6242B52ECFB000D0A80 /* EpisodePreviewRow.swift */,
			);
			path = Component;
			sourceTree = "<group>";
		};
		ED36C6262B530524000D0A80 /* Domain */ = {
			isa = PBXGroup;
			children = (
				ED36C6272B530535000D0A80 /* EpisodePreview.swift */,
			);
			path = Domain;
			sourceTree = "<group>";
		};
		ED74304C2B4B07EB009BCE3A /* Show */ = {
			isa = PBXGroup;
			children = (
				EDF7104C2B4B3438001C2008 /* Component */,
				ED8815E32B51DAA100EDBA9C /* Model */,
				ED8A40822B4C5D150055DAB6 /* View */,
			);
			path = Show;
			sourceTree = "<group>";
		};
		ED8815E32B51DAA100EDBA9C /* Model */ = {
			isa = PBXGroup;
			children = (
				ED8815E42B51DADF00EDBA9C /* RecentSearches.swift */,
			);
			path = Model;
			sourceTree = "<group>";
		};
		ED8A40822B4C5D150055DAB6 /* View */ = {
			isa = PBXGroup;
			children = (
				EDE959302B4762690030B23D /* OngoingsView.swift */,
				EDE9592C2B475A7B0030B23D /* SearchShowsView.swift */,
				EDE9592E2B475E590030B23D /* ShowView.swift */,
			);
			path = View;
			sourceTree = "<group>";
		};
		EDA628FF2B4576BE0093F8E5 /* Frameworks */ = {
			isa = PBXGroup;
			children = (
				C6D440D12B4AEA9D00A81421 /* Anime365Scraper */,
			);
			name = Frameworks;
			sourceTree = "<group>";
		};
		EDF7104C2B4B3438001C2008 /* Component */ = {
			isa = PBXGroup;
			children = (
				EDF7104D2B4B344F001C2008 /* ShowCard.swift */,
				EDFF2D272B44763700F27E61 /* ShowCategoryRow.swift */,
			);
			path = Component;
			sourceTree = "<group>";
		};
		EDFF2D042B43471300F27E61 = {
			isa = PBXGroup;
			children = (
				C68C6E1D2B4AFDD5008D796D /* .gitignore */,
				EDB21EA02B4AD268001282FE /* .swiftlint.yml */,
				EDFF2D0F2B43471300F27E61 /* ani365 */,
				EDA628FF2B4576BE0093F8E5 /* Frameworks */,
				EDFF2D0E2B43471300F27E61 /* Products */,
				EDA277052B457B2E003A97F0 /* README.md */,
			);
			sourceTree = "<group>";
		};
		EDFF2D0E2B43471300F27E61 /* Products */ = {
			isa = PBXGroup;
			children = (
				EDFF2D0D2B43471300F27E61 /* ani365.app */,
			);
			name = Products;
			sourceTree = "<group>";
		};
		EDFF2D0F2B43471300F27E61 /* ani365 */ = {
			isa = PBXGroup;
			children = (
				EDFF2D162B43471500F27E61 /* ani365.entitlements */,
				EDFF2D252B443D8100F27E61 /* Anime365 */,
				EDFF2D102B43471300F27E61 /* Anime365App.swift */,
				EDFF2D142B43471500F27E61 /* Assets.xcassets */,
				EDE959322B484C8A0030B23D /* ContentView.swift */,
				ED36C61D2B52D280000D0A80 /* Episode */,
				EDFF2D2B2B449A5500F27E61 /* Episode.swift */,
				EDE9592B2B47167B0030B23D /* Info.plist */,
				EDE959342B484F7D0030B23D /* OverviewView.swift */,
				EDFF2D172B43471500F27E61 /* Preview Content */,
				ED5A80662B49DEA300D59815 /* SceneLoadingErrorView.swift */,
				ED74304C2B4B07EB009BCE3A /* Show */,
			);
			path = ani365;
			sourceTree = "<group>";
		};
		EDFF2D172B43471500F27E61 /* Preview Content */ = {
			isa = PBXGroup;
			children = (
				EDFF2D182B43471500F27E61 /* Preview Assets.xcassets */,
			);
			path = "Preview Content";
			sourceTree = "<group>";
		};
		EDFF2D252B443D8100F27E61 /* Anime365 */ = {
			isa = PBXGroup;
			children = (
				EDFF2D232B44384500F27E61 /* Anime365ApiClient.swift */,
				EDFF2D292B4476D300F27E61 /* Anime365Client.swift */,
			);
			path = Anime365;
			sourceTree = "<group>";
		};
/* End PBXGroup section */

/* Begin PBXNativeTarget section */
		EDFF2D0C2B43471300F27E61 /* ani365 */ = {
			isa = PBXNativeTarget;
			buildConfigurationList = EDFF2D1C2B43471500F27E61 /* Build configuration list for PBXNativeTarget "ani365" */;
			buildPhases = (
				EDFF2D092B43471300F27E61 /* Sources */,
				EDFF2D0A2B43471300F27E61 /* Frameworks */,
				EDFF2D0B2B43471300F27E61 /* Resources */,
				EDA629182B4576BE0093F8E5 /* Embed Frameworks */,
			);
			buildRules = (
			);
			dependencies = (
			);
			name = ani365;
			packageProductDependencies = (
				C65940FA2B4AF0C000413062 /* Anime365Scraper */,
				ED8A40802B4C57410055DAB6 /* CachedAsyncImage */,
			);
			productName = ani365;
			productReference = EDFF2D0D2B43471300F27E61 /* ani365.app */;
			productType = "com.apple.product-type.application";
		};
/* End PBXNativeTarget section */

/* Begin PBXProject section */
		EDFF2D052B43471300F27E61 /* Project object */ = {
			isa = PBXProject;
			attributes = {
				BuildIndependentTargetsInParallel = 1;
				LastSwiftUpdateCheck = 1510;
				LastUpgradeCheck = 1520;
				TargetAttributes = {
					EDFF2D0C2B43471300F27E61 = {
						CreatedOnToolsVersion = 15.1;
						LastSwiftMigration = 1510;
					};
				};
			};
			buildConfigurationList = EDFF2D082B43471300F27E61 /* Build configuration list for PBXProject "ani365" */;
			compatibilityVersion = "Xcode 14.0";
			developmentRegion = ru;
			hasScannedForEncodings = 0;
			knownRegions = (
				en,
				Base,
				ru,
			);
			mainGroup = EDFF2D042B43471300F27E61;
			packageReferences = (
				ED8A407F2B4C57410055DAB6 /* XCRemoteSwiftPackageReference "swiftui-cached-async-image" */,
			);
			productRefGroup = EDFF2D0E2B43471300F27E61 /* Products */;
			projectDirPath = "";
			projectRoot = "";
			targets = (
				EDFF2D0C2B43471300F27E61 /* ani365 */,
			);
		};
/* End PBXProject section */

/* Begin PBXResourcesBuildPhase section */
		EDFF2D0B2B43471300F27E61 /* Resources */ = {
			isa = PBXResourcesBuildPhase;
			buildActionMask = 2147483647;
			files = (
				EDFF2D192B43471500F27E61 /* Preview Assets.xcassets in Resources */,
				C68C6E1E2B4AFDD5008D796D /* .gitignore in Resources */,
				EDFF2D152B43471500F27E61 /* Assets.xcassets in Resources */,
			);
			runOnlyForDeploymentPostprocessing = 0;
		};
/* End PBXResourcesBuildPhase section */

/* Begin PBXSourcesBuildPhase section */
		EDFF2D092B43471300F27E61 /* Sources */ = {
			isa = PBXSourcesBuildPhase;
			buildActionMask = 2147483647;
			files = (
				EDE959332B484C8A0030B23D /* ContentView.swift in Sources */,
				EDE959312B4762690030B23D /* OngoingsView.swift in Sources */,
				ED36C6222B52E945000D0A80 /* EpisodeListView.swift in Sources */,
				ED36C6282B530535000D0A80 /* EpisodePreview.swift in Sources */,
				EDF7104E2B4B344F001C2008 /* ShowCard.swift in Sources */,
				ED8815E52B51DADF00EDBA9C /* RecentSearches.swift in Sources */,
				EDFF2D2A2B4476D300F27E61 /* Anime365Client.swift in Sources */,
				EDFF2D2C2B449A5500F27E61 /* Episode.swift in Sources */,
				EDFF2D282B44763700F27E61 /* ShowCategoryRow.swift in Sources */,
				ED5A80672B49DEA300D59815 /* SceneLoadingErrorView.swift in Sources */,
				EDE9592F2B475E590030B23D /* ShowView.swift in Sources */,
				ED36C6252B52ECFB000D0A80 /* EpisodePreviewRow.swift in Sources */,
				EDFF2D112B43471300F27E61 /* Anime365App.swift in Sources */,
				EDE9592D2B475A7B0030B23D /* SearchShowsView.swift in Sources */,
				EDFF2D242B44384500F27E61 /* Anime365ApiClient.swift in Sources */,
				ED36C6202B52D2AA000D0A80 /* EpisodeView.swift in Sources */,
				EDE959352B484F7D0030B23D /* OverviewView.swift in Sources */,
			);
			runOnlyForDeploymentPostprocessing = 0;
		};
/* End PBXSourcesBuildPhase section */

/* Begin XCBuildConfiguration section */
		EDFF2D1A2B43471500F27E61 /* Debug */ = {
			isa = XCBuildConfiguration;
			buildSettings = {
				ALWAYS_SEARCH_USER_PATHS = NO;
				ASSETCATALOG_COMPILER_GENERATE_SWIFT_ASSET_SYMBOL_EXTENSIONS = YES;
				CLANG_ANALYZER_NONNULL = YES;
				CLANG_ANALYZER_NUMBER_OBJECT_CONVERSION = YES_AGGRESSIVE;
				CLANG_CXX_LANGUAGE_STANDARD = "gnu++20";
				CLANG_ENABLE_MODULES = YES;
				CLANG_ENABLE_OBJC_ARC = YES;
				CLANG_ENABLE_OBJC_WEAK = YES;
				CLANG_WARN_BLOCK_CAPTURE_AUTORELEASING = YES;
				CLANG_WARN_BOOL_CONVERSION = YES;
				CLANG_WARN_COMMA = YES;
				CLANG_WARN_CONSTANT_CONVERSION = YES;
				CLANG_WARN_DEPRECATED_OBJC_IMPLEMENTATIONS = YES;
				CLANG_WARN_DIRECT_OBJC_ISA_USAGE = YES_ERROR;
				CLANG_WARN_DOCUMENTATION_COMMENTS = YES;
				CLANG_WARN_EMPTY_BODY = YES;
				CLANG_WARN_ENUM_CONVERSION = YES;
				CLANG_WARN_INFINITE_RECURSION = YES;
				CLANG_WARN_INT_CONVERSION = YES;
				CLANG_WARN_NON_LITERAL_NULL_CONVERSION = YES;
				CLANG_WARN_OBJC_IMPLICIT_RETAIN_SELF = YES;
				CLANG_WARN_OBJC_LITERAL_CONVERSION = YES;
				CLANG_WARN_OBJC_ROOT_CLASS = YES_ERROR;
				CLANG_WARN_QUOTED_INCLUDE_IN_FRAMEWORK_HEADER = YES;
				CLANG_WARN_RANGE_LOOP_ANALYSIS = YES;
				CLANG_WARN_STRICT_PROTOTYPES = YES;
				CLANG_WARN_SUSPICIOUS_MOVE = YES;
				CLANG_WARN_UNGUARDED_AVAILABILITY = YES_AGGRESSIVE;
				CLANG_WARN_UNREACHABLE_CODE = YES;
				CLANG_WARN__DUPLICATE_METHOD_MATCH = YES;
				COPY_PHASE_STRIP = NO;
				DEAD_CODE_STRIPPING = YES;
				DEBUG_INFORMATION_FORMAT = dwarf;
				ENABLE_STRICT_OBJC_MSGSEND = YES;
				ENABLE_TESTABILITY = YES;
				ENABLE_USER_SCRIPT_SANDBOXING = YES;
				GCC_C_LANGUAGE_STANDARD = gnu17;
				GCC_DYNAMIC_NO_PIC = NO;
				GCC_NO_COMMON_BLOCKS = YES;
				GCC_OPTIMIZATION_LEVEL = 0;
				GCC_PREPROCESSOR_DEFINITIONS = (
					"DEBUG=1",
					"$(inherited)",
				);
				GCC_WARN_64_TO_32_BIT_CONVERSION = YES;
				GCC_WARN_ABOUT_RETURN_TYPE = YES_ERROR;
				GCC_WARN_UNDECLARED_SELECTOR = YES;
				GCC_WARN_UNINITIALIZED_AUTOS = YES_AGGRESSIVE;
				GCC_WARN_UNUSED_FUNCTION = YES;
				GCC_WARN_UNUSED_VARIABLE = YES;
				IPHONEOS_DEPLOYMENT_TARGET = 17.2;
				LOCALIZATION_PREFERS_STRING_CATALOGS = YES;
				MTL_ENABLE_DEBUG_INFO = INCLUDE_SOURCE;
				MTL_FAST_MATH = YES;
				ONLY_ACTIVE_ARCH = YES;
				SWIFT_ACTIVE_COMPILATION_CONDITIONS = "DEBUG $(inherited)";
				SWIFT_OPTIMIZATION_LEVEL = "-Onone";
			};
			name = Debug;
		};
		EDFF2D1B2B43471500F27E61 /* Release */ = {
			isa = XCBuildConfiguration;
			buildSettings = {
				ALWAYS_SEARCH_USER_PATHS = NO;
				ASSETCATALOG_COMPILER_GENERATE_SWIFT_ASSET_SYMBOL_EXTENSIONS = YES;
				CLANG_ANALYZER_NONNULL = YES;
				CLANG_ANALYZER_NUMBER_OBJECT_CONVERSION = YES_AGGRESSIVE;
				CLANG_CXX_LANGUAGE_STANDARD = "gnu++20";
				CLANG_ENABLE_MODULES = YES;
				CLANG_ENABLE_OBJC_ARC = YES;
				CLANG_ENABLE_OBJC_WEAK = YES;
				CLANG_WARN_BLOCK_CAPTURE_AUTORELEASING = YES;
				CLANG_WARN_BOOL_CONVERSION = YES;
				CLANG_WARN_COMMA = YES;
				CLANG_WARN_CONSTANT_CONVERSION = YES;
				CLANG_WARN_DEPRECATED_OBJC_IMPLEMENTATIONS = YES;
				CLANG_WARN_DIRECT_OBJC_ISA_USAGE = YES_ERROR;
				CLANG_WARN_DOCUMENTATION_COMMENTS = YES;
				CLANG_WARN_EMPTY_BODY = YES;
				CLANG_WARN_ENUM_CONVERSION = YES;
				CLANG_WARN_INFINITE_RECURSION = YES;
				CLANG_WARN_INT_CONVERSION = YES;
				CLANG_WARN_NON_LITERAL_NULL_CONVERSION = YES;
				CLANG_WARN_OBJC_IMPLICIT_RETAIN_SELF = YES;
				CLANG_WARN_OBJC_LITERAL_CONVERSION = YES;
				CLANG_WARN_OBJC_ROOT_CLASS = YES_ERROR;
				CLANG_WARN_QUOTED_INCLUDE_IN_FRAMEWORK_HEADER = YES;
				CLANG_WARN_RANGE_LOOP_ANALYSIS = YES;
				CLANG_WARN_STRICT_PROTOTYPES = YES;
				CLANG_WARN_SUSPICIOUS_MOVE = YES;
				CLANG_WARN_UNGUARDED_AVAILABILITY = YES_AGGRESSIVE;
				CLANG_WARN_UNREACHABLE_CODE = YES;
				CLANG_WARN__DUPLICATE_METHOD_MATCH = YES;
				COPY_PHASE_STRIP = NO;
				DEAD_CODE_STRIPPING = YES;
				DEBUG_INFORMATION_FORMAT = "dwarf-with-dsym";
				ENABLE_NS_ASSERTIONS = NO;
				ENABLE_STRICT_OBJC_MSGSEND = YES;
				ENABLE_USER_SCRIPT_SANDBOXING = YES;
				GCC_C_LANGUAGE_STANDARD = gnu17;
				GCC_NO_COMMON_BLOCKS = YES;
				GCC_WARN_64_TO_32_BIT_CONVERSION = YES;
				GCC_WARN_ABOUT_RETURN_TYPE = YES_ERROR;
				GCC_WARN_UNDECLARED_SELECTOR = YES;
				GCC_WARN_UNINITIALIZED_AUTOS = YES_AGGRESSIVE;
				GCC_WARN_UNUSED_FUNCTION = YES;
				GCC_WARN_UNUSED_VARIABLE = YES;
				IPHONEOS_DEPLOYMENT_TARGET = 17.2;
				LOCALIZATION_PREFERS_STRING_CATALOGS = YES;
				MTL_ENABLE_DEBUG_INFO = NO;
				MTL_FAST_MATH = YES;
				SWIFT_COMPILATION_MODE = wholemodule;
			};
			name = Release;
		};
		EDFF2D1D2B43471500F27E61 /* Debug */ = {
			isa = XCBuildConfiguration;
			buildSettings = {
				ALLOW_TARGET_PLATFORM_SPECIALIZATION = YES;
				ASSETCATALOG_COMPILER_APPICON_NAME = AppIcon;
				ASSETCATALOG_COMPILER_GLOBAL_ACCENT_COLOR_NAME = AccentColor;
				CLANG_ENABLE_MODULES = YES;
				CODE_SIGN_ENTITLEMENTS = ani365/ani365.entitlements;
				CODE_SIGN_IDENTITY = "Apple Development";
				CODE_SIGN_STYLE = Automatic;
				CURRENT_PROJECT_VERSION = 1;
				DEVELOPMENT_ASSET_PATHS = "\"ani365/Preview Content\"";
				DEVELOPMENT_TEAM = YBBAN7R28K;
				ENABLE_PREVIEWS = YES;
				ENABLE_USER_SCRIPT_SANDBOXING = NO;
				FRAMEWORK_SEARCH_PATHS = (
					"$(inherited)",
					"$(PROJECT_DIR)",
				);
				GENERATE_INFOPLIST_FILE = YES;
				INFOPLIST_FILE = ani365/Info.plist;
				INFOPLIST_KEY_CFBundleDisplayName = "Anime 365 Dev";
				INFOPLIST_KEY_LSApplicationCategoryType = "public.app-category.entertainment";
				INFOPLIST_KEY_UIApplicationSceneManifest_Generation = YES;
				"INFOPLIST_KEY_UIApplicationSceneManifest_Generation[sdk=iphoneos*]" = YES;
				"INFOPLIST_KEY_UIApplicationSceneManifest_Generation[sdk=iphonesimulator*]" = YES;
				INFOPLIST_KEY_UIApplicationSupportsIndirectInputEvents = YES;
				"INFOPLIST_KEY_UIApplicationSupportsIndirectInputEvents[sdk=iphoneos*]" = YES;
				"INFOPLIST_KEY_UIApplicationSupportsIndirectInputEvents[sdk=iphonesimulator*]" = YES;
				INFOPLIST_KEY_UILaunchScreen_Generation = YES;
				"INFOPLIST_KEY_UILaunchScreen_Generation[sdk=iphoneos*]" = YES;
				"INFOPLIST_KEY_UILaunchScreen_Generation[sdk=iphonesimulator*]" = YES;
				INFOPLIST_KEY_UIStatusBarStyle = UIStatusBarStyleDefault;
				"INFOPLIST_KEY_UIStatusBarStyle[sdk=iphoneos*]" = UIStatusBarStyleDefault;
				"INFOPLIST_KEY_UIStatusBarStyle[sdk=iphonesimulator*]" = UIStatusBarStyleDefault;
				INFOPLIST_KEY_UISupportedInterfaceOrientations_iPad = "UIInterfaceOrientationPortrait UIInterfaceOrientationPortraitUpsideDown UIInterfaceOrientationLandscapeLeft UIInterfaceOrientationLandscapeRight";
				INFOPLIST_KEY_UISupportedInterfaceOrientations_iPhone = "UIInterfaceOrientationPortrait UIInterfaceOrientationLandscapeLeft UIInterfaceOrientationLandscapeRight";
				IPHONEOS_DEPLOYMENT_TARGET = 17.2;
				LD_RUNPATH_SEARCH_PATHS = "@executable_path/Frameworks";
				"LD_RUNPATH_SEARCH_PATHS[sdk=macosx*]" = "@executable_path/../Frameworks";
				MACOSX_DEPLOYMENT_TARGET = 14.2;
				MARKETING_VERSION = 1.0;
				PRODUCT_BUNDLE_IDENTIFIER = dev.anime365.ani365;
				PRODUCT_NAME = "$(TARGET_NAME)";
				PROVISIONING_PROFILE_SPECIFIER = "";
				SDKROOT = iphoneos;
				SUPPORTED_PLATFORMS = "iphoneos iphonesimulator";
				SUPPORTS_MACCATALYST = NO;
				SWIFT_EMIT_LOC_STRINGS = YES;
				SWIFT_OPTIMIZATION_LEVEL = "-Onone";
				SWIFT_VERSION = 5.0;
				TARGETED_DEVICE_FAMILY = "1,2";
			};
			name = Debug;
		};
		EDFF2D1E2B43471500F27E61 /* Release */ = {
			isa = XCBuildConfiguration;
			buildSettings = {
				ALLOW_TARGET_PLATFORM_SPECIALIZATION = YES;
				ASSETCATALOG_COMPILER_APPICON_NAME = AppIcon;
				ASSETCATALOG_COMPILER_GLOBAL_ACCENT_COLOR_NAME = AccentColor;
				CLANG_ENABLE_MODULES = YES;
				CODE_SIGN_ENTITLEMENTS = ani365/ani365.entitlements;
				CODE_SIGN_IDENTITY = "Apple Development";
				CODE_SIGN_STYLE = Automatic;
				CURRENT_PROJECT_VERSION = 1;
				DEVELOPMENT_ASSET_PATHS = "\"ani365/Preview Content\"";
				DEVELOPMENT_TEAM = YBBAN7R28K;
				ENABLE_PREVIEWS = YES;
				ENABLE_USER_SCRIPT_SANDBOXING = NO;
				FRAMEWORK_SEARCH_PATHS = (
					"$(inherited)",
					"$(PROJECT_DIR)",
				);
				GENERATE_INFOPLIST_FILE = YES;
				INFOPLIST_FILE = ani365/Info.plist;
				INFOPLIST_KEY_CFBundleDisplayName = "Anime 365 Dev";
				INFOPLIST_KEY_LSApplicationCategoryType = "public.app-category.entertainment";
				INFOPLIST_KEY_UIApplicationSceneManifest_Generation = YES;
				"INFOPLIST_KEY_UIApplicationSceneManifest_Generation[sdk=iphoneos*]" = YES;
				"INFOPLIST_KEY_UIApplicationSceneManifest_Generation[sdk=iphonesimulator*]" = YES;
				INFOPLIST_KEY_UIApplicationSupportsIndirectInputEvents = YES;
				"INFOPLIST_KEY_UIApplicationSupportsIndirectInputEvents[sdk=iphoneos*]" = YES;
				"INFOPLIST_KEY_UIApplicationSupportsIndirectInputEvents[sdk=iphonesimulator*]" = YES;
				INFOPLIST_KEY_UILaunchScreen_Generation = YES;
				"INFOPLIST_KEY_UILaunchScreen_Generation[sdk=iphoneos*]" = YES;
				"INFOPLIST_KEY_UILaunchScreen_Generation[sdk=iphonesimulator*]" = YES;
				INFOPLIST_KEY_UIStatusBarStyle = UIStatusBarStyleDefault;
				"INFOPLIST_KEY_UIStatusBarStyle[sdk=iphoneos*]" = UIStatusBarStyleDefault;
				"INFOPLIST_KEY_UIStatusBarStyle[sdk=iphonesimulator*]" = UIStatusBarStyleDefault;
				INFOPLIST_KEY_UISupportedInterfaceOrientations_iPad = "UIInterfaceOrientationPortrait UIInterfaceOrientationPortraitUpsideDown UIInterfaceOrientationLandscapeLeft UIInterfaceOrientationLandscapeRight";
				INFOPLIST_KEY_UISupportedInterfaceOrientations_iPhone = "UIInterfaceOrientationPortrait UIInterfaceOrientationLandscapeLeft UIInterfaceOrientationLandscapeRight";
				IPHONEOS_DEPLOYMENT_TARGET = 17.2;
				LD_RUNPATH_SEARCH_PATHS = "@executable_path/Frameworks";
				"LD_RUNPATH_SEARCH_PATHS[sdk=macosx*]" = "@executable_path/../Frameworks";
				MACOSX_DEPLOYMENT_TARGET = 14.2;
				MARKETING_VERSION = 1.0;
				PRODUCT_BUNDLE_IDENTIFIER = dev.anime365.ani365;
				PRODUCT_NAME = "$(TARGET_NAME)";
				PROVISIONING_PROFILE_SPECIFIER = "";
				SDKROOT = iphoneos;
				SUPPORTED_PLATFORMS = "iphoneos iphonesimulator";
				SUPPORTS_MACCATALYST = NO;
				SWIFT_EMIT_LOC_STRINGS = YES;
				SWIFT_OBJC_BRIDGING_HEADER = "";
				SWIFT_VERSION = 5.0;
				TARGETED_DEVICE_FAMILY = "1,2";
			};
			name = Release;
		};
/* End XCBuildConfiguration section */

/* Begin XCConfigurationList section */
		EDFF2D082B43471300F27E61 /* Build configuration list for PBXProject "ani365" */ = {
			isa = XCConfigurationList;
			buildConfigurations = (
				EDFF2D1A2B43471500F27E61 /* Debug */,
				EDFF2D1B2B43471500F27E61 /* Release */,
			);
			defaultConfigurationIsVisible = 0;
			defaultConfigurationName = Release;
		};
		EDFF2D1C2B43471500F27E61 /* Build configuration list for PBXNativeTarget "ani365" */ = {
			isa = XCConfigurationList;
			buildConfigurations = (
				EDFF2D1D2B43471500F27E61 /* Debug */,
				EDFF2D1E2B43471500F27E61 /* Release */,
			);
			defaultConfigurationIsVisible = 0;
			defaultConfigurationName = Release;
		};
/* End XCConfigurationList section */

/* Begin XCRemoteSwiftPackageReference section */
		ED8A407F2B4C57410055DAB6 /* XCRemoteSwiftPackageReference "swiftui-cached-async-image" */ = {
			isa = XCRemoteSwiftPackageReference;
			repositoryURL = "https://github.com/lorenzofiamingo/swiftui-cached-async-image";
			requirement = {
				kind = upToNextMajorVersion;
				minimumVersion = 2.1.1;
			};
		};
/* End XCRemoteSwiftPackageReference section */

/* Begin XCSwiftPackageProductDependency section */
		C65940FA2B4AF0C000413062 /* Anime365Scraper */ = {
			isa = XCSwiftPackageProductDependency;
			productName = Anime365Scraper;
		};
		ED8A40802B4C57410055DAB6 /* CachedAsyncImage */ = {
			isa = XCSwiftPackageProductDependency;
			package = ED8A407F2B4C57410055DAB6 /* XCRemoteSwiftPackageReference "swiftui-cached-async-image" */;
			productName = CachedAsyncImage;
		};
/* End XCSwiftPackageProductDependency section */
	};
	rootObject = EDFF2D052B43471300F27E61 /* Project object */;
}
